// !$*UTF8*$!
{
	archiveVersion = 1;
	classes = {
	};
	objectVersion = 46;
	objects = {

/* Begin PBXBuildFile section */
		38E34C001DEE866E00D1D37E /* AppDelegate.swift in Sources */ = {isa = PBXBuildFile; fileRef = 38E34BFF1DEE866E00D1D37E /* AppDelegate.swift */; };
		38E34C021DEE866E00D1D37E /* ViewController.swift in Sources */ = {isa = PBXBuildFile; fileRef = 38E34C011DEE866E00D1D37E /* ViewController.swift */; };
		38E34C051DEE866E00D1D37E /* Main.storyboard in Resources */ = {isa = PBXBuildFile; fileRef = 38E34C031DEE866E00D1D37E /* Main.storyboard */; };
		38E34C071DEE866E00D1D37E /* Assets.xcassets in Resources */ = {isa = PBXBuildFile; fileRef = 38E34C061DEE866E00D1D37E /* Assets.xcassets */; };
		38E34C0A1DEE866E00D1D37E /* LaunchScreen.storyboard in Resources */ = {isa = PBXBuildFile; fileRef = 38E34C081DEE866E00D1D37E /* LaunchScreen.storyboard */; };
/* End PBXBuildFile section */

/* Begin PBXFileReference section */
		38E34BFC1DEE866E00D1D37E /* SignYourselfMobile.app */ = {isa = PBXFileReference; explicitFileType = wrapper.application; includeInIndex = 0; path = SignYourselfMobile.app; sourceTree = BUILT_PRODUCTS_DIR; };
		38E34BFF1DEE866E00D1D37E /* AppDelegate.swift */ = {isa = PBXFileReference; lastKnownFileType = sourcecode.swift; path = AppDelegate.swift; sourceTree = "<group>"; };
		38E34C011DEE866E00D1D37E /* ViewController.swift */ = {isa = PBXFileReference; lastKnownFileType = sourcecode.swift; path = ViewController.swift; sourceTree = "<group>"; };
		38E34C041DEE866E00D1D37E /* Base */ = {isa = PBXFileReference; lastKnownFileType = file.storyboard; name = Base; path = Base.lproj/Main.storyboard; sourceTree = "<group>"; };
		38E34C061DEE866E00D1D37E /* Assets.xcassets */ = {isa = PBXFileReference; lastKnownFileType = folder.assetcatalog; path = Assets.xcassets; sourceTree = "<group>"; };
		38E34C091DEE866E00D1D37E /* Base */ = {isa = PBXFileReference; lastKnownFileType = file.storyboard; name = Base; path = Base.lproj/LaunchScreen.storyboard; sourceTree = "<group>"; };
		38E34C0B1DEE866E00D1D37E /* Info.plist */ = {isa = PBXFileReference; lastKnownFileType = text.plist.xml; path = Info.plist; sourceTree = "<group>"; };
/* End PBXFileReference section */

/* Begin PBXFrameworksBuildPhase section */
		38E34BF91DEE866E00D1D37E /* Frameworks */ = {
			isa = PBXFrameworksBuildPhase;
			buildActionMask = 2147483647;
			files = (
			);
			runOnlyForDeploymentPostprocessing = 0;
		};
/* End PBXFrameworksBuildPhase section */

/* Begin PBXGroup section */
		38E34BF31DEE866E00D1D37E = {
			isa = PBXGroup;
			children = (
				38E34BFE1DEE866E00D1D37E /* SignYourselfMobile */,
				38E34BFD1DEE866E00D1D37E /* Products */,
			);
			sourceTree = "<group>";
		};
		38E34BFD1DEE866E00D1D37E /* Products */ = {
			isa = PBXGroup;
			children = (
				38E34BFC1DEE866E00D1D37E /* SignYourselfMobile.app */,
			);
			name = Products;
			sourceTree = "<group>";
		};
		38E34BFE1DEE866E00D1D37E /* SignYourselfMobile */ = {
			isa = PBXGroup;
			children = (
				38E34BFF1DEE866E00D1D37E /* AppDelegate.swift */,
				38E34C011DEE866E00D1D37E /* ViewController.swift */,
				38E34C031DEE866E00D1D37E /* Main.storyboard */,
				38E34C061DEE866E00D1D37E /* Assets.xcassets */,
				38E34C081DEE866E00D1D37E /* LaunchScreen.storyboard */,
				38E34C0B1DEE866E00D1D37E /* Info.plist */,
			);
			path = SignYourselfMobile;
			sourceTree = "<group>";
		};
/* End PBXGroup section */

/* Begin PBXNativeTarget section */
		38E34BFB1DEE866E00D1D37E /* SignYourselfMobile */ = {
			isa = PBXNativeTarget;
			buildConfigurationList = 38E34C0E1DEE866E00D1D37E /* Build configuration list for PBXNativeTarget "SignYourselfMobile" */;
			buildPhases = (
				38E34BF81DEE866E00D1D37E /* Sources */,
				38E34BF91DEE866E00D1D37E /* Frameworks */,
				38E34BFA1DEE866E00D1D37E /* Resources */,
			);
			buildRules = (
			);
			dependencies = (
			);
			name = SignYourselfMobile;
			productName = SignYourselfMobile;
			productReference = 38E34BFC1DEE866E00D1D37E /* SignYourselfMobile.app */;
			productType = "com.apple.product-type.application";
		};
/* End PBXNativeTarget section */

/* Begin PBXProject section */
		38E34BF41DEE866E00D1D37E /* Project object */ = {
			isa = PBXProject;
			attributes = {
				LastSwiftUpdateCheck = 0800;
				LastUpgradeCheck = 0800;
				ORGANIZATIONNAME = SignYourself;
				TargetAttributes = {
					38E34BFB1DEE866E00D1D37E = {
						CreatedOnToolsVersion = 8.0;
						DevelopmentTeam = J724PJQ9EM;
						ProvisioningStyle = Automatic;
					};
				};
			};
			buildConfigurationList = 38E34BF71DEE866E00D1D37E /* Build configuration list for PBXProject "SignYourselfMobile" */;
			compatibilityVersion = "Xcode 3.2";
			developmentRegion = English;
			hasScannedForEncodings = 0;
			knownRegions = (
				en,
				Base,
			);
			mainGroup = 38E34BF31DEE866E00D1D37E;
			productRefGroup = 38E34BFD1DEE866E00D1D37E /* Products */;
			projectDirPath = "";
			projectRoot = "";
			targets = (
				38E34BFB1DEE866E00D1D37E /* SignYourselfMobile */,
			);
		};
/* End PBXProject section */

/* Begin PBXResourcesBuildPhase section */
		38E34BFA1DEE866E00D1D37E /* Resources */ = {
			isa = PBXResourcesBuildPhase;
			buildActionMask = 2147483647;
			files = (
				38E34C0A1DEE866E00D1D37E /* LaunchScreen.storyboard in Resources */,
				38E34C071DEE866E00D1D37E /* Assets.xcassets in Resources */,
				38E34C051DEE866E00D1D37E /* Main.storyboard in Resources */,
			);
			runOnlyForDeploymentPostprocessing = 0;
		};
/* End PBXResourcesBuildPhase section */

/* Begin PBXSourcesBuildPhase section */
		38E34BF81DEE866E00D1D37E /* Sources */ = {
			isa = PBXSourcesBuildPhase;
			buildActionMask = 2147483647;
			files = (
				38E34C021DEE866E00D1D37E /* ViewController.swift in Sources */,
				38E34C001DEE866E00D1D37E /* AppDelegate.swift in Sources */,
			);
			runOnlyForDeploymentPostprocessing = 0;
		};
/* End PBXSourcesBuildPhase section */

/* Begin PBXVariantGroup section */
		38E34C031DEE866E00D1D37E /* Main.storyboard */ = {
			isa = PBXVariantGroup;
			children = (
				38E34C041DEE866E00D1D37E /* Base */,
			);
			name = Main.storyboard;
			sourceTree = "<group>";
		};
		38E34C081DEE866E00D1D37E /* LaunchScreen.storyboard */ = {
			isa = PBXVariantGroup;
			children = (
				38E34C091DEE866E00D1D37E /* Base */,
			);
			name = LaunchScreen.storyboard;
			sourceTree = "<group>";
		};
/* End PBXVariantGroup section */

/* Begin XCBuildConfiguration section */
		38E34C0C1DEE866E00D1D37E /* Debug */ = {
			isa = XCBuildConfiguration;
			buildSettings = {
				ALWAYS_SEARCH_USER_PATHS = NO;
				CLANG_ANALYZER_NONNULL = YES;
				CLANG_CXX_LANGUAGE_STANDARD = "gnu++0x";
				CLANG_CXX_LIBRARY = "libc++";
				CLANG_ENABLE_MODULES = YES;
				CLANG_ENABLE_OBJC_ARC = YES;
				CLANG_WARN_BOOL_CONVERSION = YES;
				CLANG_WARN_CONSTANT_CONVERSION = YES;
				CLANG_WARN_DIRECT_OBJC_ISA_USAGE = YES_ERROR;
				CLANG_WARN_DOCUMENTATION_COMMENTS = YES;
				CLANG_WARN_EMPTY_BODY = YES;
				CLANG_WARN_ENUM_CONVERSION = YES;
				CLANG_WARN_INFINITE_RECURSION = YES;
				CLANG_WARN_INT_CONVERSION = YES;
				CLANG_WARN_OBJC_ROOT_CLASS = YES_ERROR;
				CLANG_WARN_SUSPICIOUS_MOVES = YES;
				CLANG_WARN_UNREACHABLE_CODE = YES;
				CLANG_WARN__DUPLICATE_METHOD_MATCH = YES;
				"CODE_SIGN_IDENTITY[sdk=iphoneos*]" = "iPhone Developer";
				COPY_PHASE_STRIP = NO;
				DEBUG_INFORMATION_FORMAT = dwarf;
				ENABLE_STRICT_OBJC_MSGSEND = YES;
				ENABLE_TESTABILITY = YES;
				GCC_C_LANGUAGE_STANDARD = gnu99;
				GCC_DYNAMIC_NO_PIC = NO;
				GCC_NO_COMMON_BLOCKS = YES;
				GCC_OPTIMIZATION_LEVEL = 0;
				GCC_PREPROCESSOR_DEFINITIONS = (
					"DEBUG=1",
					"$(inherited)",
				);
				GCC_WARN_64_TO_32_BIT_CONVERSION = YES;
				GCC_WARN_ABOUT_RETURN_TYPE = YES_ERROR;
				GCC_WARN_UNDECLARED_SELECTOR = YES;
				GCC_WARN_UNINITIALIZED_AUTOS = YES_AGGRESSIVE;
				GCC_WARN_UNUSED_FUNCTION = YES;
				GCC_WARN_UNUSED_VARIABLE = YES;
				IPHONEOS_DEPLOYMENT_TARGET = 10.0;
				MTL_ENABLE_DEBUG_INFO = YES;
				ONLY_ACTIVE_ARCH = YES;
				SDKROOT = iphoneos;
				SWIFT_ACTIVE_COMPILATION_CONDITIONS = DEBUG;
				SWIFT_OPTIMIZATION_LEVEL = "-Onone";
				TARGETED_DEVICE_FAMILY = "1,2";
			};
			name = Debug;
		};
		38E34C0D1DEE866E00D1D37E /* Release */ = {
			isa = XCBuildConfiguration;
			buildSettings = {
				ALWAYS_SEARCH_USER_PATHS = NO;
				CLANG_ANALYZER_NONNULL = YES;
				CLANG_CXX_LANGUAGE_STANDARD = "gnu++0x";
				CLANG_CXX_LIBRARY = "libc++";
				CLANG_ENABLE_MODULES = YES;
				CLANG_ENABLE_OBJC_ARC = YES;
				CLANG_WARN_BOOL_CONVERSION = YES;
				CLANG_WARN_CONSTANT_CONVERSION = YES;
				CLANG_WARN_DIRECT_OBJC_ISA_USAGE = YES_ERROR;
				CLANG_WARN_DOCUMENTATION_COMMENTS = YES;
				CLANG_WARN_EMPTY_BODY = YES;
				CLANG_WARN_ENUM_CONVERSION = YES;
				CLANG_WARN_INFINITE_RECURSION = YES;
				CLANG_WARN_INT_CONVERSION = YES;
				CLANG_WARN_OBJC_ROOT_CLASS = YES_ERROR;
				CLANG_WARN_SUSPICIOUS_MOVES = YES;
				CLANG_WARN_UNREACHABLE_CODE = YES;
				CLANG_WARN__DUPLICATE_METHOD_MATCH = YES;
				"CODE_SIGN_IDENTITY[sdk=iphoneos*]" = "iPhone Developer";
				COPY_PHASE_STRIP = NO;
				DEBUG_INFORMATION_FORMAT = "dwarf-with-dsym";
				ENABLE_NS_ASSERTIONS = NO;
				ENABLE_STRICT_OBJC_MSGSEND = YES;
				GCC_C_LANGUAGE_STANDARD = gnu99;
				GCC_NO_COMMON_BLOCKS = YES;
				GCC_WARN_64_TO_32_BIT_CONVERSION = YES;
				GCC_WARN_ABOUT_RETURN_TYPE = YES_ERROR;
				GCC_WARN_UNDECLARED_SELECTOR = YES;
				GCC_WARN_UNINITIALIZED_AUTOS = YES_AGGRESSIVE;
				GCC_WARN_UNUSED_FUNCTION = YES;
				GCC_WARN_UNUSED_VARIABLE = YES;
				IPHONEOS_DEPLOYMENT_TARGET = 10.0;
				MTL_ENABLE_DEBUG_INFO = NO;
				SDKROOT = iphoneos;
				SWIFT_OPTIMIZATION_LEVEL = "-Owholemodule";
				TARGETED_DEVICE_FAMILY = "1,2";
				VALIDATE_PRODUCT = YES;
			};
			name = Release;
		};
		38E34C0F1DEE866E00D1D37E /* Debug */ = {
			isa = XCBuildConfiguration;
			buildSettings = {
				ASSETCATALOG_COMPILER_APPICON_NAME = AppIcon;
				DEVELOPMENT_TEAM = J724PJQ9EM;
				INFOPLIST_FILE = SignYourselfMobile/Info.plist;
				LD_RUNPATH_SEARCH_PATHS = "$(inherited) @executable_path/Frameworks";
				PRODUCT_BUNDLE_IDENTIFIER = SYS.SignYourselfMobile;
				PRODUCT_NAME = "$(TARGET_NAME)";
				SWIFT_VERSION = 3.0;
			};
			name = Debug;
		};
		38E34C101DEE866E00D1D37E /* Release */ = {
			isa = XCBuildConfiguration;
			buildSettings = {
				ASSETCATALOG_COMPILER_APPICON_NAME = AppIcon;
				DEVELOPMENT_TEAM = J724PJQ9EM;
				INFOPLIST_FILE = SignYourselfMobile/Info.plist;
				LD_RUNPATH_SEARCH_PATHS = "$(inherited) @executable_path/Frameworks";
				PRODUCT_BUNDLE_IDENTIFIER = SYS.SignYourselfMobile;
				PRODUCT_NAME = "$(TARGET_NAME)";
				SWIFT_VERSION = 3.0;
			};
			name = Release;
		};
/* End XCBuildConfiguration section */

/* Begin XCConfigurationList section */
		38E34BF71DEE866E00D1D37E /* Build configuration list for PBXProject "SignYourselfMobile" */ = {
			isa = XCConfigurationList;
			buildConfigurations = (
				38E34C0C1DEE866E00D1D37E /* Debug */,
				38E34C0D1DEE866E00D1D37E /* Release */,
			);
			defaultConfigurationIsVisible = 0;
			defaultConfigurationName = Release;
		};
		38E34C0E1DEE866E00D1D37E /* Build configuration list for PBXNativeTarget "SignYourselfMobile" */ = {
			isa = XCConfigurationList;
			buildConfigurations = (
				38E34C0F1DEE866E00D1D37E /* Debug */,
				38E34C101DEE866E00D1D37E /* Release */,
			);
			defaultConfigurationIsVisible = 0;
		};
/* End XCConfigurationList section */
	};
	rootObject = 38E34BF41DEE866E00D1D37E /* Project object */;
}
