// !$*UTF8*$!
{
	archiveVersion = 1;
	classes = {
	};
	objectVersion = 46;
	objects = {

/* Begin PBXBuildFile section */
		04F8A3558E842CD35C005208 /* Pods_SignYourselfMobile.framework in Frameworks */ = {isa = PBXBuildFile; fileRef = 77EA4DD17B68F20689909DE1 /* Pods_SignYourselfMobile.framework */; };
		295DBE381EBFAC8000355ABE /* TabbedViewController.swift in Sources */ = {isa = PBXBuildFile; fileRef = 295DBE371EBFAC8000355ABE /* TabbedViewController.swift */; };
		380426D1201CED2000F336B4 /* User.swift in Sources */ = {isa = PBXBuildFile; fileRef = 380426D0201CED2000F336B4 /* User.swift */; };
		380426D3201D306000F336B4 /* Profile.swift in Sources */ = {isa = PBXBuildFile; fileRef = 380426D2201D306000F336B4 /* Profile.swift */; };
		380426D5201D307D00F336B4 /* Project.swift in Sources */ = {isa = PBXBuildFile; fileRef = 380426D4201D307D00F336B4 /* Project.swift */; };
		380426D7201D30B700F336B4 /* Event.swift in Sources */ = {isa = PBXBuildFile; fileRef = 380426D6201D30B700F336B4 /* Event.swift */; };
		380426D9201D312500F336B4 /* Donation.swift in Sources */ = {isa = PBXBuildFile; fileRef = 380426D8201D312500F336B4 /* Donation.swift */; };
		380426DB201D334E00F336B4 /* Role.swift in Sources */ = {isa = PBXBuildFile; fileRef = 380426DA201D334E00F336B4 /* Role.swift */; };
		380426DF2028FE9D00F336B4 /* DonateViewController.swift in Sources */ = {isa = PBXBuildFile; fileRef = 380426DE2028FE9D00F336B4 /* DonateViewController.swift */; };
		380426E1202C90FB00F336B4 /* SignYourselfProfileAPI.swift in Sources */ = {isa = PBXBuildFile; fileRef = 380426E0202C90FB00F336B4 /* SignYourselfProfileAPI.swift */; };
		380426E320308E6200F336B4 /* SignYourselfLoginAPI.swift in Sources */ = {isa = PBXBuildFile; fileRef = 380426E220308E6200F336B4 /* SignYourselfLoginAPI.swift */; };
		380426E5203093CB00F336B4 /* LoginViewController.swift in Sources */ = {isa = PBXBuildFile; fileRef = 380426E4203093CB00F336B4 /* LoginViewController.swift */; };
		380426E72030BE0700F336B4 /* LoginResponse.swift in Sources */ = {isa = PBXBuildFile; fileRef = 380426E62030BE0700F336B4 /* LoginResponse.swift */; };
		380426EB20321BD900F336B4 /* UIImageView+SYS.swift in Sources */ = {isa = PBXBuildFile; fileRef = 380426EA20321BD900F336B4 /* UIImageView+SYS.swift */; };
		380426ED203240D600F336B4 /* RegisterViewController.swift in Sources */ = {isa = PBXBuildFile; fileRef = 380426EC203240D600F336B4 /* RegisterViewController.swift */; };
		380426EF2032428300F336B4 /* RegisterResponse.swift in Sources */ = {isa = PBXBuildFile; fileRef = 380426EE2032428300F336B4 /* RegisterResponse.swift */; };
		3813B910212254720070FE2D /* AllEventsTabViewController.swift in Sources */ = {isa = PBXBuildFile; fileRef = 3813B90F212254720070FE2D /* AllEventsTabViewController.swift */; };
		3813B913212255490070FE2D /* EventCell.swift in Sources */ = {isa = PBXBuildFile; fileRef = 3813B911212255490070FE2D /* EventCell.swift */; };
		3813B914212255490070FE2D /* EventCell.xib in Resources */ = {isa = PBXBuildFile; fileRef = 3813B912212255490070FE2D /* EventCell.xib */; };
		3813B91721226F910070FE2D /* AppHelper.swift in Sources */ = {isa = PBXBuildFile; fileRef = 3813B91621226F910070FE2D /* AppHelper.swift */; };
		3813B919212272F80070FE2D /* Optional+Extension.swift in Sources */ = {isa = PBXBuildFile; fileRef = 3813B918212272F80070FE2D /* Optional+Extension.swift */; };
		3813B93A212273650070FE2D /* Int+Extension.swift in Sources */ = {isa = PBXBuildFile; fileRef = 3813B91B2122735F0070FE2D /* Int+Extension.swift */; };
		3813B93B212273650070FE2D /* Array+Extension.swift in Sources */ = {isa = PBXBuildFile; fileRef = 3813B91C2122735F0070FE2D /* Array+Extension.swift */; };
		3813B93D212273650070FE2D /* NSTextAlignment+Extension.swift in Sources */ = {isa = PBXBuildFile; fileRef = 3813B91E212273600070FE2D /* NSTextAlignment+Extension.swift */; };
		3813B93E212273650070FE2D /* Dictionary+Extension.swift in Sources */ = {isa = PBXBuildFile; fileRef = 3813B91F212273600070FE2D /* Dictionary+Extension.swift */; };
		3813B93F212273650070FE2D /* CGSize+Extension.swift in Sources */ = {isa = PBXBuildFile; fileRef = 3813B920212273600070FE2D /* CGSize+Extension.swift */; };
		3813B940212273650070FE2D /* DateComponents+Extension.swift in Sources */ = {isa = PBXBuildFile; fileRef = 3813B921212273600070FE2D /* DateComponents+Extension.swift */; };
		3813B941212273650070FE2D /* CAAnimation+Extension.swift in Sources */ = {isa = PBXBuildFile; fileRef = 3813B922212273610070FE2D /* CAAnimation+Extension.swift */; };
		3813B942212273650070FE2D /* String+Extension.swift in Sources */ = {isa = PBXBuildFile; fileRef = 3813B923212273610070FE2D /* String+Extension.swift */; };
		3813B943212273650070FE2D /* ReliantFont.swift in Sources */ = {isa = PBXBuildFile; fileRef = 3813B924212273610070FE2D /* ReliantFont.swift */; };
		3813B944212273650070FE2D /* Calendar+Extension.swift in Sources */ = {isa = PBXBuildFile; fileRef = 3813B925212273610070FE2D /* Calendar+Extension.swift */; };
		3813B945212273650070FE2D /* UIBarButtonItem+Extension.swift in Sources */ = {isa = PBXBuildFile; fileRef = 3813B926212273610070FE2D /* UIBarButtonItem+Extension.swift */; };
		3813B946212273650070FE2D /* CGPoint+Extension.swift in Sources */ = {isa = PBXBuildFile; fileRef = 3813B927212273620070FE2D /* CGPoint+Extension.swift */; };
		3813B948212273650070FE2D /* NSDateFormatter+Extension.swift in Sources */ = {isa = PBXBuildFile; fileRef = 3813B929212273620070FE2D /* NSDateFormatter+Extension.swift */; };
		3813B94B212273650070FE2D /* URL+Extension.swift in Sources */ = {isa = PBXBuildFile; fileRef = 3813B92C212273630070FE2D /* URL+Extension.swift */; };
		3813B94C212273650070FE2D /* RELString+Extension.swift in Sources */ = {isa = PBXBuildFile; fileRef = 3813B92D212273630070FE2D /* RELString+Extension.swift */; };
		3813B94D212273650070FE2D /* Date+Extension.swift in Sources */ = {isa = PBXBuildFile; fileRef = 3813B92E212273630070FE2D /* Date+Extension.swift */; };
		3813B94E212273650070FE2D /* Double+Extension.swift in Sources */ = {isa = PBXBuildFile; fileRef = 3813B92F212273630070FE2D /* Double+Extension.swift */; };
		3813B94F212273650070FE2D /* UserDefaults+Extension.swift in Sources */ = {isa = PBXBuildFile; fileRef = 3813B930212273640070FE2D /* UserDefaults+Extension.swift */; };
		3813B950212273650070FE2D /* UIImage+Extension.swift in Sources */ = {isa = PBXBuildFile; fileRef = 3813B931212273640070FE2D /* UIImage+Extension.swift */; };
		3813B951212273650070FE2D /* TimeInterval+Extension.swift in Sources */ = {isa = PBXBuildFile; fileRef = 3813B932212273640070FE2D /* TimeInterval+Extension.swift */; };
		3813B953212273650070FE2D /* UIToolbar+Extension.swift in Sources */ = {isa = PBXBuildFile; fileRef = 3813B934212273640070FE2D /* UIToolbar+Extension.swift */; };
		3813B954212273650070FE2D /* DateFormatter+Extension.swift in Sources */ = {isa = PBXBuildFile; fileRef = 3813B935212273650070FE2D /* DateFormatter+Extension.swift */; };
		3813B955212273650070FE2D /* CLLocation+Extension.swift in Sources */ = {isa = PBXBuildFile; fileRef = 3813B936212273650070FE2D /* CLLocation+Extension.swift */; };
		3813B956212273650070FE2D /* NSLineBreakMode+Extension.swift in Sources */ = {isa = PBXBuildFile; fileRef = 3813B937212273650070FE2D /* NSLineBreakMode+Extension.swift */; };
		3813B957212273650070FE2D /* NumberFormatter+Extension.swift in Sources */ = {isa = PBXBuildFile; fileRef = 3813B938212273650070FE2D /* NumberFormatter+Extension.swift */; };
		3813B959212275A20070FE2D /* Utility.swift in Sources */ = {isa = PBXBuildFile; fileRef = 3813B958212275A20070FE2D /* Utility.swift */; };
		3813B95C212275EA0070FE2D /* SignYourselfHud.swift in Sources */ = {isa = PBXBuildFile; fileRef = 3813B95A212275E90070FE2D /* SignYourselfHud.swift */; };
		3813B95D212275EA0070FE2D /* Hud.swift in Sources */ = {isa = PBXBuildFile; fileRef = 3813B95B212275EA0070FE2D /* Hud.swift */; };
		3813B95F2122772B0070FE2D /* SpinnerView.swift in Sources */ = {isa = PBXBuildFile; fileRef = 3813B95E2122772B0070FE2D /* SpinnerView.swift */; };
		3813B961212278520070FE2D /* AlertMessage.swift in Sources */ = {isa = PBXBuildFile; fileRef = 3813B960212278520070FE2D /* AlertMessage.swift */; };
		382715741EAD08CC004B1994 /* UIColor+SYS.swift in Sources */ = {isa = PBXBuildFile; fileRef = 382715731EAD08CC004B1994 /* UIColor+SYS.swift */; };
		382715771EAD1535004B1994 /* Events.storyboard in Resources */ = {isa = PBXBuildFile; fileRef = 382715761EAD1535004B1994 /* Events.storyboard */; };
		382715BF1EAEEC2D004B1994 /* EventsViewController.swift in Sources */ = {isa = PBXBuildFile; fileRef = 382715BE1EAEEC2D004B1994 /* EventsViewController.swift */; };
		38426DBE212116470003791B /* MediaTabViewController.swift in Sources */ = {isa = PBXBuildFile; fileRef = 38426DBD212116470003791B /* MediaTabViewController.swift */; };
		38426DC12121166F0003791B /* MediaCell.swift in Sources */ = {isa = PBXBuildFile; fileRef = 38426DBF2121166F0003791B /* MediaCell.swift */; };
		38426DC22121166F0003791B /* MediaCell.xib in Resources */ = {isa = PBXBuildFile; fileRef = 38426DC02121166F0003791B /* MediaCell.xib */; };
		38426DC5212116E30003791B /* GlobalCell.swift in Sources */ = {isa = PBXBuildFile; fileRef = 38426DC3212116E30003791B /* GlobalCell.swift */; };
		38426DC6212116E30003791B /* GlobalCell.xib in Resources */ = {isa = PBXBuildFile; fileRef = 38426DC4212116E30003791B /* GlobalCell.xib */; };
		38426DCA212117B10003791B /* Media.storyboard in Resources */ = {isa = PBXBuildFile; fileRef = 38426DC9212117B10003791B /* Media.storyboard */; };
		38426DCC212122150003791B /* UserManager.swift in Sources */ = {isa = PBXBuildFile; fileRef = 38426DCB212122150003791B /* UserManager.swift */; };
		3853184B21209F4B0022DF76 /* Main.storyboard in Resources */ = {isa = PBXBuildFile; fileRef = 3853184A21209F4B0022DF76 /* Main.storyboard */; };
		3853184E2120A0260022DF76 /* HoshiTextField.swift in Sources */ = {isa = PBXBuildFile; fileRef = 3853184D2120A0260022DF76 /* HoshiTextField.swift */; };
		385318502120A1DD0022DF76 /* TextFieldEffects.swift in Sources */ = {isa = PBXBuildFile; fileRef = 3853184F2120A1DD0022DF76 /* TextFieldEffects.swift */; };
		385318532120CD0B0022DF76 /* Contributions.storyboard in Resources */ = {isa = PBXBuildFile; fileRef = 385318522120CD0B0022DF76 /* Contributions.storyboard */; };
		385318552120CD380022DF76 /* Associates.storyboard in Resources */ = {isa = PBXBuildFile; fileRef = 385318542120CD380022DF76 /* Associates.storyboard */; };
		385318572120CD590022DF76 /* Fans.storyboard in Resources */ = {isa = PBXBuildFile; fileRef = 385318562120CD590022DF76 /* Fans.storyboard */; };
		385318592120D3820022DF76 /* Home.storyboard in Resources */ = {isa = PBXBuildFile; fileRef = 385318582120D3820022DF76 /* Home.storyboard */; };
		3853185B2120D3A10022DF76 /* HomeViewController.swift in Sources */ = {isa = PBXBuildFile; fileRef = 3853185A2120D3A10022DF76 /* HomeViewController.swift */; };
		385318612120D7EA0022DF76 /* ProjectDetailViewController.swift in Sources */ = {isa = PBXBuildFile; fileRef = 385318602120D7EA0022DF76 /* ProjectDetailViewController.swift */; };
		385A6B2E1EB199CD00004F33 /* ActiveControllerService.swift in Sources */ = {isa = PBXBuildFile; fileRef = 385A6B2D1EB199CD00004F33 /* ActiveControllerService.swift */; };
		385A6B301EB1AC8100004F33 /* NSDictionary+SYS.swift in Sources */ = {isa = PBXBuildFile; fileRef = 385A6B2F1EB1AC8100004F33 /* NSDictionary+SYS.swift */; };
		385A6B321EB1BD7100004F33 /* activeViewControllers.json in Resources */ = {isa = PBXBuildFile; fileRef = 385A6B311EB1BD7100004F33 /* activeViewControllers.json */; };
		38652337203A490900D0871C /* WePayManager.swift in Sources */ = {isa = PBXBuildFile; fileRef = 38652336203A490900D0871C /* WePayManager.swift */; };
		389E68051EABFD0200B28BDA /* Profile.storyboard in Resources */ = {isa = PBXBuildFile; fileRef = 389E68041EABFD0200B28BDA /* Profile.storyboard */; };
		389E68081EABFE5600B28BDA /* ProfileViewController.swift in Sources */ = {isa = PBXBuildFile; fileRef = 389E68071EABFE5600B28BDA /* ProfileViewController.swift */; };
		389E680A1EABFE9D00B28BDA /* RootViewController.swift in Sources */ = {isa = PBXBuildFile; fileRef = 389E68091EABFE9D00B28BDA /* RootViewController.swift */; };
		389E68121EAC7EDA00B28BDA /* Constants.swift in Sources */ = {isa = PBXBuildFile; fileRef = 389E68101EAC7EDA00B28BDA /* Constants.swift */; };
		38A6BB142120DF8400F956FB /* CollapseProtocol.swift in Sources */ = {isa = PBXBuildFile; fileRef = 38A6BB132120DF8400F956FB /* CollapseProtocol.swift */; };
		38A6BB162120DFC000F956FB /* CollapsingUtil.swift in Sources */ = {isa = PBXBuildFile; fileRef = 38A6BB152120DFC000F956FB /* CollapsingUtil.swift */; };
		38A6BB192120E01200F956FB /* ProjectCell.swift in Sources */ = {isa = PBXBuildFile; fileRef = 38A6BB172120E01100F956FB /* ProjectCell.swift */; };
		38A6BB1A2120E01200F956FB /* ProjectCell.xib in Resources */ = {isa = PBXBuildFile; fileRef = 38A6BB182120E01100F956FB /* ProjectCell.xib */; };
		38A6BB1C2120E0DD00F956FB /* UIViewController+Extensions.swift in Sources */ = {isa = PBXBuildFile; fileRef = 38A6BB1B2120E0DD00F956FB /* UIViewController+Extensions.swift */; };
		38A6BB1E2120E12E00F956FB /* SetViewGroupModal.swift in Sources */ = {isa = PBXBuildFile; fileRef = 38A6BB1D2120E12E00F956FB /* SetViewGroupModal.swift */; };
		38A6BB202120E1B000F956FB /* AssociatesViewController.swift in Sources */ = {isa = PBXBuildFile; fileRef = 38A6BB1F2120E1B000F956FB /* AssociatesViewController.swift */; };
		38A6BB232120E26400F956FB /* AssociateCell.swift in Sources */ = {isa = PBXBuildFile; fileRef = 38A6BB222120E26400F956FB /* AssociateCell.swift */; };
		38A6BB252120E32600F956FB /* FansViewController.swift in Sources */ = {isa = PBXBuildFile; fileRef = 38A6BB242120E32600F956FB /* FansViewController.swift */; };
		38A6BB272120E37F00F956FB /* ContributionsViewController.swift in Sources */ = {isa = PBXBuildFile; fileRef = 38A6BB262120E37F00F956FB /* ContributionsViewController.swift */; };
		38A6BB2A2120E3EA00F956FB /* ContributionCell.xib in Resources */ = {isa = PBXBuildFile; fileRef = 38A6BB282120E3EA00F956FB /* ContributionCell.xib */; };
		38A6BB2B2120E3EA00F956FB /* ContributionCell.swift in Sources */ = {isa = PBXBuildFile; fileRef = 38A6BB292120E3EA00F956FB /* ContributionCell.swift */; };
		38A995F7211F780A0061A022 /* RadarManager.swift in Sources */ = {isa = PBXBuildFile; fileRef = 38A995F6211F780A0061A022 /* RadarManager.swift */; };
		38A995F9211FD69E0061A022 /* UIView+Extension.swift in Sources */ = {isa = PBXBuildFile; fileRef = 38A995F8211FD69E0061A022 /* UIView+Extension.swift */; };
		38B7E4D320373DB4000B5CA0 /* SearchViewController.swift in Sources */ = {isa = PBXBuildFile; fileRef = 38B7E4D220373DB4000B5CA0 /* SearchViewController.swift */; };
		38B7E4D520373E0E000B5CA0 /* ProjectsViewController.swift in Sources */ = {isa = PBXBuildFile; fileRef = 38B7E4D420373E0E000B5CA0 /* ProjectsViewController.swift */; };
		38B7E4D720377C54000B5CA0 /* Search.storyboard in Resources */ = {isa = PBXBuildFile; fileRef = 38B7E4D620377C54000B5CA0 /* Search.storyboard */; };
		38B7E4D920377C5F000B5CA0 /* Projects.storyboard in Resources */ = {isa = PBXBuildFile; fileRef = 38B7E4D820377C5F000B5CA0 /* Projects.storyboard */; };
		38B7E4DB20389A01000B5CA0 /* SignYourselfEventAPI.swift in Sources */ = {isa = PBXBuildFile; fileRef = 38B7E4DA20389A01000B5CA0 /* SignYourselfEventAPI.swift */; };
		38B7E4DD2038A13E000B5CA0 /* SignYourselfProjectAPI.swift in Sources */ = {isa = PBXBuildFile; fileRef = 38B7E4DC2038A13E000B5CA0 /* SignYourselfProjectAPI.swift */; };
		38BCC055201914AB004343B5 /* GoogleService-Info.plist in Resources */ = {isa = PBXBuildFile; fileRef = 38BCC054201914AB004343B5 /* GoogleService-Info.plist */; };
		38BCC058201B74EF004343B5 /* SignYourselfAPIClient.swift in Sources */ = {isa = PBXBuildFile; fileRef = 38BCC057201B74EF004343B5 /* SignYourselfAPIClient.swift */; };
		38C11E321EB9888500D788D0 /* ActiveViewController.swift in Sources */ = {isa = PBXBuildFile; fileRef = 38C11E311EB9888500D788D0 /* ActiveViewController.swift */; };
		38D319882128B1510039ACEB /* Menu.storyboard in Resources */ = {isa = PBXBuildFile; fileRef = 38D319872128B1510039ACEB /* Menu.storyboard */; };
		38D3198C2128B2210039ACEB /* HamburgerLayer.swift in Sources */ = {isa = PBXBuildFile; fileRef = 38D3198B2128B2210039ACEB /* HamburgerLayer.swift */; };
		38D3198E2128B22E0039ACEB /* MenuItemCell.swift in Sources */ = {isa = PBXBuildFile; fileRef = 38D3198D2128B22E0039ACEB /* MenuItemCell.swift */; };
		38D319912128B23F0039ACEB /* MenuItemViewController.swift in Sources */ = {isa = PBXBuildFile; fileRef = 38D3198F2128B23F0039ACEB /* MenuItemViewController.swift */; };
		38D319922128B23F0039ACEB /* MenuViewController.swift in Sources */ = {isa = PBXBuildFile; fileRef = 38D319902128B23F0039ACEB /* MenuViewController.swift */; };
		38E34C001DEE866E00D1D37E /* AppDelegate.swift in Sources */ = {isa = PBXBuildFile; fileRef = 38E34BFF1DEE866E00D1D37E /* AppDelegate.swift */; };
		38E34C071DEE866E00D1D37E /* Assets.xcassets in Resources */ = {isa = PBXBuildFile; fileRef = 38E34C061DEE866E00D1D37E /* Assets.xcassets */; };
		38E34C0A1DEE866E00D1D37E /* LaunchScreen.storyboard in Resources */ = {isa = PBXBuildFile; fileRef = 38E34C081DEE866E00D1D37E /* LaunchScreen.storyboard */; };
/* End PBXBuildFile section */

/* Begin PBXFileReference section */
		1B9DDE1CDFD237AC0452BCED /* Pods-SignYourselfMobile.debug.xcconfig */ = {isa = PBXFileReference; includeInIndex = 1; lastKnownFileType = text.xcconfig; name = "Pods-SignYourselfMobile.debug.xcconfig"; path = "Pods/Target Support Files/Pods-SignYourselfMobile/Pods-SignYourselfMobile.debug.xcconfig"; sourceTree = "<group>"; };
		295DBE371EBFAC8000355ABE /* TabbedViewController.swift */ = {isa = PBXFileReference; fileEncoding = 4; lastKnownFileType = sourcecode.swift; path = TabbedViewController.swift; sourceTree = "<group>"; };
		380426D0201CED2000F336B4 /* User.swift */ = {isa = PBXFileReference; lastKnownFileType = sourcecode.swift; path = User.swift; sourceTree = "<group>"; };
		380426D2201D306000F336B4 /* Profile.swift */ = {isa = PBXFileReference; lastKnownFileType = sourcecode.swift; path = Profile.swift; sourceTree = "<group>"; };
		380426D4201D307D00F336B4 /* Project.swift */ = {isa = PBXFileReference; lastKnownFileType = sourcecode.swift; path = Project.swift; sourceTree = "<group>"; };
		380426D6201D30B700F336B4 /* Event.swift */ = {isa = PBXFileReference; lastKnownFileType = sourcecode.swift; path = Event.swift; sourceTree = "<group>"; };
		380426D8201D312500F336B4 /* Donation.swift */ = {isa = PBXFileReference; lastKnownFileType = sourcecode.swift; path = Donation.swift; sourceTree = "<group>"; };
		380426DA201D334E00F336B4 /* Role.swift */ = {isa = PBXFileReference; lastKnownFileType = sourcecode.swift; path = Role.swift; sourceTree = "<group>"; };
		380426DE2028FE9D00F336B4 /* DonateViewController.swift */ = {isa = PBXFileReference; lastKnownFileType = sourcecode.swift; path = DonateViewController.swift; sourceTree = "<group>"; };
		380426E0202C90FB00F336B4 /* SignYourselfProfileAPI.swift */ = {isa = PBXFileReference; lastKnownFileType = sourcecode.swift; path = SignYourselfProfileAPI.swift; sourceTree = "<group>"; };
		380426E220308E6200F336B4 /* SignYourselfLoginAPI.swift */ = {isa = PBXFileReference; lastKnownFileType = sourcecode.swift; path = SignYourselfLoginAPI.swift; sourceTree = "<group>"; };
		380426E4203093CB00F336B4 /* LoginViewController.swift */ = {isa = PBXFileReference; lastKnownFileType = sourcecode.swift; path = LoginViewController.swift; sourceTree = "<group>"; };
		380426E62030BE0700F336B4 /* LoginResponse.swift */ = {isa = PBXFileReference; lastKnownFileType = sourcecode.swift; path = LoginResponse.swift; sourceTree = "<group>"; };
		380426EA20321BD900F336B4 /* UIImageView+SYS.swift */ = {isa = PBXFileReference; lastKnownFileType = sourcecode.swift; path = "UIImageView+SYS.swift"; sourceTree = "<group>"; };
		380426EC203240D600F336B4 /* RegisterViewController.swift */ = {isa = PBXFileReference; lastKnownFileType = sourcecode.swift; path = RegisterViewController.swift; sourceTree = "<group>"; };
		380426EE2032428300F336B4 /* RegisterResponse.swift */ = {isa = PBXFileReference; lastKnownFileType = sourcecode.swift; path = RegisterResponse.swift; sourceTree = "<group>"; };
		3813B90F212254720070FE2D /* AllEventsTabViewController.swift */ = {isa = PBXFileReference; lastKnownFileType = sourcecode.swift; path = AllEventsTabViewController.swift; sourceTree = "<group>"; };
		3813B911212255490070FE2D /* EventCell.swift */ = {isa = PBXFileReference; fileEncoding = 4; lastKnownFileType = sourcecode.swift; path = EventCell.swift; sourceTree = "<group>"; };
		3813B912212255490070FE2D /* EventCell.xib */ = {isa = PBXFileReference; fileEncoding = 4; lastKnownFileType = file.xib; path = EventCell.xib; sourceTree = "<group>"; };
		3813B91621226F910070FE2D /* AppHelper.swift */ = {isa = PBXFileReference; lastKnownFileType = sourcecode.swift; path = AppHelper.swift; sourceTree = "<group>"; };
		3813B918212272F80070FE2D /* Optional+Extension.swift */ = {isa = PBXFileReference; lastKnownFileType = sourcecode.swift; path = "Optional+Extension.swift"; sourceTree = "<group>"; };
		3813B91B2122735F0070FE2D /* Int+Extension.swift */ = {isa = PBXFileReference; fileEncoding = 4; lastKnownFileType = sourcecode.swift; path = "Int+Extension.swift"; sourceTree = "<group>"; };
		3813B91C2122735F0070FE2D /* Array+Extension.swift */ = {isa = PBXFileReference; fileEncoding = 4; lastKnownFileType = sourcecode.swift; path = "Array+Extension.swift"; sourceTree = "<group>"; };
		3813B91E212273600070FE2D /* NSTextAlignment+Extension.swift */ = {isa = PBXFileReference; fileEncoding = 4; lastKnownFileType = sourcecode.swift; path = "NSTextAlignment+Extension.swift"; sourceTree = "<group>"; };
		3813B91F212273600070FE2D /* Dictionary+Extension.swift */ = {isa = PBXFileReference; fileEncoding = 4; lastKnownFileType = sourcecode.swift; path = "Dictionary+Extension.swift"; sourceTree = "<group>"; };
		3813B920212273600070FE2D /* CGSize+Extension.swift */ = {isa = PBXFileReference; fileEncoding = 4; lastKnownFileType = sourcecode.swift; path = "CGSize+Extension.swift"; sourceTree = "<group>"; };
		3813B921212273600070FE2D /* DateComponents+Extension.swift */ = {isa = PBXFileReference; fileEncoding = 4; lastKnownFileType = sourcecode.swift; path = "DateComponents+Extension.swift"; sourceTree = "<group>"; };
		3813B922212273610070FE2D /* CAAnimation+Extension.swift */ = {isa = PBXFileReference; fileEncoding = 4; lastKnownFileType = sourcecode.swift; path = "CAAnimation+Extension.swift"; sourceTree = "<group>"; };
		3813B923212273610070FE2D /* String+Extension.swift */ = {isa = PBXFileReference; fileEncoding = 4; lastKnownFileType = sourcecode.swift; path = "String+Extension.swift"; sourceTree = "<group>"; };
		3813B924212273610070FE2D /* ReliantFont.swift */ = {isa = PBXFileReference; fileEncoding = 4; lastKnownFileType = sourcecode.swift; path = ReliantFont.swift; sourceTree = "<group>"; };
		3813B925212273610070FE2D /* Calendar+Extension.swift */ = {isa = PBXFileReference; fileEncoding = 4; lastKnownFileType = sourcecode.swift; path = "Calendar+Extension.swift"; sourceTree = "<group>"; };
		3813B926212273610070FE2D /* UIBarButtonItem+Extension.swift */ = {isa = PBXFileReference; fileEncoding = 4; lastKnownFileType = sourcecode.swift; path = "UIBarButtonItem+Extension.swift"; sourceTree = "<group>"; };
		3813B927212273620070FE2D /* CGPoint+Extension.swift */ = {isa = PBXFileReference; fileEncoding = 4; lastKnownFileType = sourcecode.swift; path = "CGPoint+Extension.swift"; sourceTree = "<group>"; };
		3813B929212273620070FE2D /* NSDateFormatter+Extension.swift */ = {isa = PBXFileReference; fileEncoding = 4; lastKnownFileType = sourcecode.swift; path = "NSDateFormatter+Extension.swift"; sourceTree = "<group>"; };
		3813B92C212273630070FE2D /* URL+Extension.swift */ = {isa = PBXFileReference; fileEncoding = 4; lastKnownFileType = sourcecode.swift; path = "URL+Extension.swift"; sourceTree = "<group>"; };
		3813B92D212273630070FE2D /* RELString+Extension.swift */ = {isa = PBXFileReference; fileEncoding = 4; lastKnownFileType = sourcecode.swift; path = "RELString+Extension.swift"; sourceTree = "<group>"; };
		3813B92E212273630070FE2D /* Date+Extension.swift */ = {isa = PBXFileReference; fileEncoding = 4; lastKnownFileType = sourcecode.swift; path = "Date+Extension.swift"; sourceTree = "<group>"; };
		3813B92F212273630070FE2D /* Double+Extension.swift */ = {isa = PBXFileReference; fileEncoding = 4; lastKnownFileType = sourcecode.swift; path = "Double+Extension.swift"; sourceTree = "<group>"; };
		3813B930212273640070FE2D /* UserDefaults+Extension.swift */ = {isa = PBXFileReference; fileEncoding = 4; lastKnownFileType = sourcecode.swift; path = "UserDefaults+Extension.swift"; sourceTree = "<group>"; };
		3813B931212273640070FE2D /* UIImage+Extension.swift */ = {isa = PBXFileReference; fileEncoding = 4; lastKnownFileType = sourcecode.swift; path = "UIImage+Extension.swift"; sourceTree = "<group>"; };
		3813B932212273640070FE2D /* TimeInterval+Extension.swift */ = {isa = PBXFileReference; fileEncoding = 4; lastKnownFileType = sourcecode.swift; path = "TimeInterval+Extension.swift"; sourceTree = "<group>"; };
		3813B934212273640070FE2D /* UIToolbar+Extension.swift */ = {isa = PBXFileReference; fileEncoding = 4; lastKnownFileType = sourcecode.swift; path = "UIToolbar+Extension.swift"; sourceTree = "<group>"; };
		3813B935212273650070FE2D /* DateFormatter+Extension.swift */ = {isa = PBXFileReference; fileEncoding = 4; lastKnownFileType = sourcecode.swift; path = "DateFormatter+Extension.swift"; sourceTree = "<group>"; };
		3813B936212273650070FE2D /* CLLocation+Extension.swift */ = {isa = PBXFileReference; fileEncoding = 4; lastKnownFileType = sourcecode.swift; path = "CLLocation+Extension.swift"; sourceTree = "<group>"; };
		3813B937212273650070FE2D /* NSLineBreakMode+Extension.swift */ = {isa = PBXFileReference; fileEncoding = 4; lastKnownFileType = sourcecode.swift; path = "NSLineBreakMode+Extension.swift"; sourceTree = "<group>"; };
		3813B938212273650070FE2D /* NumberFormatter+Extension.swift */ = {isa = PBXFileReference; fileEncoding = 4; lastKnownFileType = sourcecode.swift; path = "NumberFormatter+Extension.swift"; sourceTree = "<group>"; };
		3813B958212275A20070FE2D /* Utility.swift */ = {isa = PBXFileReference; lastKnownFileType = sourcecode.swift; path = Utility.swift; sourceTree = "<group>"; };
		3813B95A212275E90070FE2D /* SignYourselfHud.swift */ = {isa = PBXFileReference; fileEncoding = 4; lastKnownFileType = sourcecode.swift; path = SignYourselfHud.swift; sourceTree = "<group>"; };
		3813B95B212275EA0070FE2D /* Hud.swift */ = {isa = PBXFileReference; fileEncoding = 4; lastKnownFileType = sourcecode.swift; path = Hud.swift; sourceTree = "<group>"; };
		3813B95E2122772B0070FE2D /* SpinnerView.swift */ = {isa = PBXFileReference; fileEncoding = 4; lastKnownFileType = sourcecode.swift; path = SpinnerView.swift; sourceTree = "<group>"; };
		3813B960212278520070FE2D /* AlertMessage.swift */ = {isa = PBXFileReference; lastKnownFileType = sourcecode.swift; path = AlertMessage.swift; sourceTree = "<group>"; };
		382715731EAD08CC004B1994 /* UIColor+SYS.swift */ = {isa = PBXFileReference; fileEncoding = 4; lastKnownFileType = sourcecode.swift; path = "UIColor+SYS.swift"; sourceTree = "<group>"; };
		382715761EAD1535004B1994 /* Events.storyboard */ = {isa = PBXFileReference; fileEncoding = 4; lastKnownFileType = file.storyboard; path = Events.storyboard; sourceTree = "<group>"; };
		382715BE1EAEEC2D004B1994 /* EventsViewController.swift */ = {isa = PBXFileReference; fileEncoding = 4; lastKnownFileType = sourcecode.swift; path = EventsViewController.swift; sourceTree = "<group>"; };
		38426DBD212116470003791B /* MediaTabViewController.swift */ = {isa = PBXFileReference; fileEncoding = 4; lastKnownFileType = sourcecode.swift; path = MediaTabViewController.swift; sourceTree = "<group>"; };
		38426DBF2121166F0003791B /* MediaCell.swift */ = {isa = PBXFileReference; fileEncoding = 4; lastKnownFileType = sourcecode.swift; path = MediaCell.swift; sourceTree = "<group>"; };
		38426DC02121166F0003791B /* MediaCell.xib */ = {isa = PBXFileReference; fileEncoding = 4; lastKnownFileType = file.xib; path = MediaCell.xib; sourceTree = "<group>"; };
		38426DC3212116E30003791B /* GlobalCell.swift */ = {isa = PBXFileReference; fileEncoding = 4; lastKnownFileType = sourcecode.swift; path = GlobalCell.swift; sourceTree = "<group>"; };
		38426DC4212116E30003791B /* GlobalCell.xib */ = {isa = PBXFileReference; fileEncoding = 4; lastKnownFileType = file.xib; path = GlobalCell.xib; sourceTree = "<group>"; };
		38426DC9212117B10003791B /* Media.storyboard */ = {isa = PBXFileReference; lastKnownFileType = file.storyboard; path = Media.storyboard; sourceTree = "<group>"; };
		38426DCB212122150003791B /* UserManager.swift */ = {isa = PBXFileReference; lastKnownFileType = sourcecode.swift; path = UserManager.swift; sourceTree = "<group>"; };
		3853184A21209F4B0022DF76 /* Main.storyboard */ = {isa = PBXFileReference; lastKnownFileType = file.storyboard; path = Main.storyboard; sourceTree = "<group>"; };
		3853184D2120A0260022DF76 /* HoshiTextField.swift */ = {isa = PBXFileReference; lastKnownFileType = sourcecode.swift; path = HoshiTextField.swift; sourceTree = "<group>"; };
		3853184F2120A1DD0022DF76 /* TextFieldEffects.swift */ = {isa = PBXFileReference; lastKnownFileType = sourcecode.swift; path = TextFieldEffects.swift; sourceTree = "<group>"; };
		385318522120CD0B0022DF76 /* Contributions.storyboard */ = {isa = PBXFileReference; lastKnownFileType = file.storyboard; path = Contributions.storyboard; sourceTree = "<group>"; };
		385318542120CD380022DF76 /* Associates.storyboard */ = {isa = PBXFileReference; lastKnownFileType = file.storyboard; path = Associates.storyboard; sourceTree = "<group>"; };
		385318562120CD590022DF76 /* Fans.storyboard */ = {isa = PBXFileReference; lastKnownFileType = file.storyboard; path = Fans.storyboard; sourceTree = "<group>"; };
		385318582120D3820022DF76 /* Home.storyboard */ = {isa = PBXFileReference; lastKnownFileType = file.storyboard; path = Home.storyboard; sourceTree = "<group>"; };
		3853185A2120D3A10022DF76 /* HomeViewController.swift */ = {isa = PBXFileReference; lastKnownFileType = sourcecode.swift; path = HomeViewController.swift; sourceTree = "<group>"; };
		385318602120D7EA0022DF76 /* ProjectDetailViewController.swift */ = {isa = PBXFileReference; lastKnownFileType = sourcecode.swift; path = ProjectDetailViewController.swift; sourceTree = "<group>"; };
		385A6B2D1EB199CD00004F33 /* ActiveControllerService.swift */ = {isa = PBXFileReference; fileEncoding = 4; lastKnownFileType = sourcecode.swift; path = ActiveControllerService.swift; sourceTree = "<group>"; };
		385A6B2F1EB1AC8100004F33 /* NSDictionary+SYS.swift */ = {isa = PBXFileReference; fileEncoding = 4; lastKnownFileType = sourcecode.swift; path = "NSDictionary+SYS.swift"; sourceTree = "<group>"; };
		385A6B311EB1BD7100004F33 /* activeViewControllers.json */ = {isa = PBXFileReference; fileEncoding = 4; lastKnownFileType = text.json; path = activeViewControllers.json; sourceTree = "<group>"; };
		38652336203A490900D0871C /* WePayManager.swift */ = {isa = PBXFileReference; lastKnownFileType = sourcecode.swift; path = WePayManager.swift; sourceTree = "<group>"; };
		389E68041EABFD0200B28BDA /* Profile.storyboard */ = {isa = PBXFileReference; fileEncoding = 4; lastKnownFileType = file.storyboard; path = Profile.storyboard; sourceTree = "<group>"; };
		389E68071EABFE5600B28BDA /* ProfileViewController.swift */ = {isa = PBXFileReference; fileEncoding = 4; lastKnownFileType = sourcecode.swift; path = ProfileViewController.swift; sourceTree = "<group>"; };
		389E68091EABFE9D00B28BDA /* RootViewController.swift */ = {isa = PBXFileReference; fileEncoding = 4; lastKnownFileType = sourcecode.swift; path = RootViewController.swift; sourceTree = "<group>"; };
		389E680E1EAC7E4800B28BDA /* SignYourselfMobile-Bridging-Header.h */ = {isa = PBXFileReference; lastKnownFileType = sourcecode.c.h; path = "SignYourselfMobile-Bridging-Header.h"; sourceTree = "<group>"; };
		389E68101EAC7EDA00B28BDA /* Constants.swift */ = {isa = PBXFileReference; fileEncoding = 4; lastKnownFileType = sourcecode.swift; path = Constants.swift; sourceTree = "<group>"; };
		38A6BB132120DF8400F956FB /* CollapseProtocol.swift */ = {isa = PBXFileReference; lastKnownFileType = sourcecode.swift; path = CollapseProtocol.swift; sourceTree = "<group>"; };
		38A6BB152120DFC000F956FB /* CollapsingUtil.swift */ = {isa = PBXFileReference; lastKnownFileType = sourcecode.swift; path = CollapsingUtil.swift; sourceTree = "<group>"; };
		38A6BB172120E01100F956FB /* ProjectCell.swift */ = {isa = PBXFileReference; fileEncoding = 4; lastKnownFileType = sourcecode.swift; path = ProjectCell.swift; sourceTree = "<group>"; };
		38A6BB182120E01100F956FB /* ProjectCell.xib */ = {isa = PBXFileReference; fileEncoding = 4; lastKnownFileType = file.xib; path = ProjectCell.xib; sourceTree = "<group>"; };
		38A6BB1B2120E0DD00F956FB /* UIViewController+Extensions.swift */ = {isa = PBXFileReference; lastKnownFileType = sourcecode.swift; path = "UIViewController+Extensions.swift"; sourceTree = "<group>"; };
		38A6BB1D2120E12E00F956FB /* SetViewGroupModal.swift */ = {isa = PBXFileReference; lastKnownFileType = sourcecode.swift; path = SetViewGroupModal.swift; sourceTree = "<group>"; };
		38A6BB1F2120E1B000F956FB /* AssociatesViewController.swift */ = {isa = PBXFileReference; lastKnownFileType = sourcecode.swift; path = AssociatesViewController.swift; sourceTree = "<group>"; };
		38A6BB222120E26400F956FB /* AssociateCell.swift */ = {isa = PBXFileReference; fileEncoding = 4; lastKnownFileType = sourcecode.swift; path = AssociateCell.swift; sourceTree = "<group>"; };
		38A6BB242120E32600F956FB /* FansViewController.swift */ = {isa = PBXFileReference; lastKnownFileType = sourcecode.swift; path = FansViewController.swift; sourceTree = "<group>"; };
		38A6BB262120E37F00F956FB /* ContributionsViewController.swift */ = {isa = PBXFileReference; lastKnownFileType = sourcecode.swift; path = ContributionsViewController.swift; sourceTree = "<group>"; };
		38A6BB282120E3EA00F956FB /* ContributionCell.xib */ = {isa = PBXFileReference; fileEncoding = 4; lastKnownFileType = file.xib; path = ContributionCell.xib; sourceTree = "<group>"; };
		38A6BB292120E3EA00F956FB /* ContributionCell.swift */ = {isa = PBXFileReference; fileEncoding = 4; lastKnownFileType = sourcecode.swift; path = ContributionCell.swift; sourceTree = "<group>"; };
		38A995EB209613190061A022 /* SignYourselfMobile.entitlements */ = {isa = PBXFileReference; lastKnownFileType = text.plist.entitlements; path = SignYourselfMobile.entitlements; sourceTree = "<group>"; };
		38A995F6211F780A0061A022 /* RadarManager.swift */ = {isa = PBXFileReference; lastKnownFileType = sourcecode.swift; path = RadarManager.swift; sourceTree = "<group>"; };
		38A995F8211FD69E0061A022 /* UIView+Extension.swift */ = {isa = PBXFileReference; lastKnownFileType = sourcecode.swift; path = "UIView+Extension.swift"; sourceTree = "<group>"; };
		38B7E4D220373DB4000B5CA0 /* SearchViewController.swift */ = {isa = PBXFileReference; lastKnownFileType = sourcecode.swift; path = SearchViewController.swift; sourceTree = "<group>"; };
		38B7E4D420373E0E000B5CA0 /* ProjectsViewController.swift */ = {isa = PBXFileReference; lastKnownFileType = sourcecode.swift; path = ProjectsViewController.swift; sourceTree = "<group>"; };
		38B7E4D620377C54000B5CA0 /* Search.storyboard */ = {isa = PBXFileReference; lastKnownFileType = file.storyboard; path = Search.storyboard; sourceTree = "<group>"; };
		38B7E4D820377C5F000B5CA0 /* Projects.storyboard */ = {isa = PBXFileReference; lastKnownFileType = file.storyboard; path = Projects.storyboard; sourceTree = "<group>"; };
		38B7E4DA20389A01000B5CA0 /* SignYourselfEventAPI.swift */ = {isa = PBXFileReference; lastKnownFileType = sourcecode.swift; path = SignYourselfEventAPI.swift; sourceTree = "<group>"; };
		38B7E4DC2038A13E000B5CA0 /* SignYourselfProjectAPI.swift */ = {isa = PBXFileReference; lastKnownFileType = sourcecode.swift; path = SignYourselfProjectAPI.swift; sourceTree = "<group>"; };
		38BCC054201914AB004343B5 /* GoogleService-Info.plist */ = {isa = PBXFileReference; fileEncoding = 4; lastKnownFileType = text.plist.xml; path = "GoogleService-Info.plist"; sourceTree = "<group>"; };
		38BCC057201B74EF004343B5 /* SignYourselfAPIClient.swift */ = {isa = PBXFileReference; lastKnownFileType = sourcecode.swift; path = SignYourselfAPIClient.swift; sourceTree = "<group>"; };
		38C11E311EB9888500D788D0 /* ActiveViewController.swift */ = {isa = PBXFileReference; fileEncoding = 4; lastKnownFileType = sourcecode.swift; path = ActiveViewController.swift; sourceTree = "<group>"; };
		38D319872128B1510039ACEB /* Menu.storyboard */ = {isa = PBXFileReference; lastKnownFileType = file.storyboard; path = Menu.storyboard; sourceTree = "<group>"; };
		38D3198B2128B2210039ACEB /* HamburgerLayer.swift */ = {isa = PBXFileReference; fileEncoding = 4; lastKnownFileType = sourcecode.swift; path = HamburgerLayer.swift; sourceTree = "<group>"; };
		38D3198D2128B22E0039ACEB /* MenuItemCell.swift */ = {isa = PBXFileReference; fileEncoding = 4; lastKnownFileType = sourcecode.swift; path = MenuItemCell.swift; sourceTree = "<group>"; };
		38D3198F2128B23F0039ACEB /* MenuItemViewController.swift */ = {isa = PBXFileReference; fileEncoding = 4; lastKnownFileType = sourcecode.swift; path = MenuItemViewController.swift; sourceTree = "<group>"; };
		38D319902128B23F0039ACEB /* MenuViewController.swift */ = {isa = PBXFileReference; fileEncoding = 4; lastKnownFileType = sourcecode.swift; path = MenuViewController.swift; sourceTree = "<group>"; };
		38E34BFC1DEE866E00D1D37E /* SignYourselfMobile.app */ = {isa = PBXFileReference; explicitFileType = wrapper.application; includeInIndex = 0; path = SignYourselfMobile.app; sourceTree = BUILT_PRODUCTS_DIR; };
		38E34BFF1DEE866E00D1D37E /* AppDelegate.swift */ = {isa = PBXFileReference; lastKnownFileType = sourcecode.swift; path = AppDelegate.swift; sourceTree = "<group>"; };
		38E34C061DEE866E00D1D37E /* Assets.xcassets */ = {isa = PBXFileReference; lastKnownFileType = folder.assetcatalog; path = Assets.xcassets; sourceTree = "<group>"; };
		38E34C091DEE866E00D1D37E /* Base */ = {isa = PBXFileReference; lastKnownFileType = file.storyboard; name = Base; path = Base.lproj/LaunchScreen.storyboard; sourceTree = "<group>"; };
		38E34C0B1DEE866E00D1D37E /* Info.plist */ = {isa = PBXFileReference; lastKnownFileType = text.plist.xml; path = Info.plist; sourceTree = "<group>"; };
		77EA4DD17B68F20689909DE1 /* Pods_SignYourselfMobile.framework */ = {isa = PBXFileReference; explicitFileType = wrapper.framework; includeInIndex = 0; path = Pods_SignYourselfMobile.framework; sourceTree = BUILT_PRODUCTS_DIR; };
		C1DD6CCF4D08B146ABDB62E7 /* Pods-SignYourselfMobile.release.xcconfig */ = {isa = PBXFileReference; includeInIndex = 1; lastKnownFileType = text.xcconfig; name = "Pods-SignYourselfMobile.release.xcconfig"; path = "Pods/Target Support Files/Pods-SignYourselfMobile/Pods-SignYourselfMobile.release.xcconfig"; sourceTree = "<group>"; };
/* End PBXFileReference section */

/* Begin PBXFrameworksBuildPhase section */
		38E34BF91DEE866E00D1D37E /* Frameworks */ = {
			isa = PBXFrameworksBuildPhase;
			buildActionMask = 2147483647;
			files = (
				04F8A3558E842CD35C005208 /* Pods_SignYourselfMobile.framework in Frameworks */,
			);
			runOnlyForDeploymentPostprocessing = 0;
		};
/* End PBXFrameworksBuildPhase section */

/* Begin PBXGroup section */
		37BEF4E5867F2940A597ED41 /* Frameworks */ = {
			isa = PBXGroup;
			children = (
				77EA4DD17B68F20689909DE1 /* Pods_SignYourselfMobile.framework */,
			);
			name = Frameworks;
			sourceTree = "<group>";
		};
		380426CF201CED1100F336B4 /* Models */ = {
			isa = PBXGroup;
			children = (
				38D3198B2128B2210039ACEB /* HamburgerLayer.swift */,
				380426D0201CED2000F336B4 /* User.swift */,
				380426D2201D306000F336B4 /* Profile.swift */,
				380426D4201D307D00F336B4 /* Project.swift */,
				380426D6201D30B700F336B4 /* Event.swift */,
				380426D8201D312500F336B4 /* Donation.swift */,
				380426DA201D334E00F336B4 /* Role.swift */,
				380426E62030BE0700F336B4 /* LoginResponse.swift */,
				380426EE2032428300F336B4 /* RegisterResponse.swift */,
				38A6BB1D2120E12E00F956FB /* SetViewGroupModal.swift */,
			);
			name = Models;
			sourceTree = "<group>";
		};
		3813B91521226F380070FE2D /* App */ = {
			isa = PBXGroup;
			children = (
				38E34BFF1DEE866E00D1D37E /* AppDelegate.swift */,
				389E68101EAC7EDA00B28BDA /* Constants.swift */,
				3813B91621226F910070FE2D /* AppHelper.swift */,
			);
			name = App;
			sourceTree = "<group>";
		};
		382715721EAD08AE004B1994 /* Extensions */ = {
			isa = PBXGroup;
			children = (
				3813B91C2122735F0070FE2D /* Array+Extension.swift */,
				3813B922212273610070FE2D /* CAAnimation+Extension.swift */,
				3813B925212273610070FE2D /* Calendar+Extension.swift */,
				3813B927212273620070FE2D /* CGPoint+Extension.swift */,
				3813B920212273600070FE2D /* CGSize+Extension.swift */,
				3813B936212273650070FE2D /* CLLocation+Extension.swift */,
				3813B92E212273630070FE2D /* Date+Extension.swift */,
				3813B921212273600070FE2D /* DateComponents+Extension.swift */,
				3813B935212273650070FE2D /* DateFormatter+Extension.swift */,
				3813B91F212273600070FE2D /* Dictionary+Extension.swift */,
				3813B92F212273630070FE2D /* Double+Extension.swift */,
				3813B91B2122735F0070FE2D /* Int+Extension.swift */,
				3813B929212273620070FE2D /* NSDateFormatter+Extension.swift */,
				3813B937212273650070FE2D /* NSLineBreakMode+Extension.swift */,
				3813B91E212273600070FE2D /* NSTextAlignment+Extension.swift */,
				3813B938212273650070FE2D /* NumberFormatter+Extension.swift */,
				3813B924212273610070FE2D /* ReliantFont.swift */,
				3813B92D212273630070FE2D /* RELString+Extension.swift */,
				3813B923212273610070FE2D /* String+Extension.swift */,
				3813B932212273640070FE2D /* TimeInterval+Extension.swift */,
				3813B926212273610070FE2D /* UIBarButtonItem+Extension.swift */,
				3813B931212273640070FE2D /* UIImage+Extension.swift */,
				3813B934212273640070FE2D /* UIToolbar+Extension.swift */,
				3813B92C212273630070FE2D /* URL+Extension.swift */,
				3813B930212273640070FE2D /* UserDefaults+Extension.swift */,
				382715731EAD08CC004B1994 /* UIColor+SYS.swift */,
				385A6B2F1EB1AC8100004F33 /* NSDictionary+SYS.swift */,
				380426EA20321BD900F336B4 /* UIImageView+SYS.swift */,
				38A995F8211FD69E0061A022 /* UIView+Extension.swift */,
				38A6BB1B2120E0DD00F956FB /* UIViewController+Extensions.swift */,
				3813B918212272F80070FE2D /* Optional+Extension.swift */,
			);
			name = Extensions;
			sourceTree = "<group>";
		};
		382715751EAD151C004B1994 /* Storyboards */ = {
			isa = PBXGroup;
			children = (
				3853184A21209F4B0022DF76 /* Main.storyboard */,
				38E34C081DEE866E00D1D37E /* LaunchScreen.storyboard */,
				389E68041EABFD0200B28BDA /* Profile.storyboard */,
				382715761EAD1535004B1994 /* Events.storyboard */,
				38B7E4D620377C54000B5CA0 /* Search.storyboard */,
				38B7E4D820377C5F000B5CA0 /* Projects.storyboard */,
				385318522120CD0B0022DF76 /* Contributions.storyboard */,
				385318542120CD380022DF76 /* Associates.storyboard */,
				385318562120CD590022DF76 /* Fans.storyboard */,
				385318582120D3820022DF76 /* Home.storyboard */,
				38426DC9212117B10003791B /* Media.storyboard */,
				38D319872128B1510039ACEB /* Menu.storyboard */,
			);
			name = Storyboards;
			sourceTree = "<group>";
		};
		3853184C21209FCD0022DF76 /* Utilities */ = {
			isa = PBXGroup;
			children = (
				3813B95B212275EA0070FE2D /* Hud.swift */,
				3813B95A212275E90070FE2D /* SignYourselfHud.swift */,
				3853184D2120A0260022DF76 /* HoshiTextField.swift */,
				3853184F2120A1DD0022DF76 /* TextFieldEffects.swift */,
				38A6BB152120DFC000F956FB /* CollapsingUtil.swift */,
				3813B95E2122772B0070FE2D /* SpinnerView.swift */,
				3813B958212275A20070FE2D /* Utility.swift */,
				3813B960212278520070FE2D /* AlertMessage.swift */,
			);
			name = Utilities;
			sourceTree = "<group>";
		};
		385318512120AAEC0022DF76 /* Resources */ = {
			isa = PBXGroup;
			children = (
				385A6B311EB1BD7100004F33 /* activeViewControllers.json */,
			);
			name = Resources;
			sourceTree = "<group>";
		};
		3853185C2120D6340022DF76 /* Views */ = {
			isa = PBXGroup;
			children = (
				38A6BB212120E24E00F956FB /* TableViewCells */,
				3853185D2120D63E0022DF76 /* CollectionViewCells */,
			);
			name = Views;
			sourceTree = "<group>";
		};
		3853185D2120D63E0022DF76 /* CollectionViewCells */ = {
			isa = PBXGroup;
			children = (
				38426DC3212116E30003791B /* GlobalCell.swift */,
				38426DC4212116E30003791B /* GlobalCell.xib */,
				38426DBF2121166F0003791B /* MediaCell.swift */,
				38426DC02121166F0003791B /* MediaCell.xib */,
				38A6BB172120E01100F956FB /* ProjectCell.swift */,
				38A6BB182120E01100F956FB /* ProjectCell.xib */,
			);
			name = CollectionViewCells;
			sourceTree = "<group>";
		};
		385A6B2C1EB1998300004F33 /* Services */ = {
			isa = PBXGroup;
			children = (
				385A6B2D1EB199CD00004F33 /* ActiveControllerService.swift */,
			);
			name = Services;
			sourceTree = "<group>";
		};
		38652335203A48C400D0871C /* Managers */ = {
			isa = PBXGroup;
			children = (
				38652336203A490900D0871C /* WePayManager.swift */,
				38A995F6211F780A0061A022 /* RadarManager.swift */,
				38426DCB212122150003791B /* UserManager.swift */,
			);
			name = Managers;
			sourceTree = "<group>";
		};
		389E68061EABFE3300B28BDA /* ViewControllers */ = {
			isa = PBXGroup;
			children = (
				38D319902128B23F0039ACEB /* MenuViewController.swift */,
				38D3198F2128B23F0039ACEB /* MenuItemViewController.swift */,
				38426DBD212116470003791B /* MediaTabViewController.swift */,
				38C11E311EB9888500D788D0 /* ActiveViewController.swift */,
				380426E4203093CB00F336B4 /* LoginViewController.swift */,
				380426EC203240D600F336B4 /* RegisterViewController.swift */,
				389E68071EABFE5600B28BDA /* ProfileViewController.swift */,
				389E68091EABFE9D00B28BDA /* RootViewController.swift */,
				382715BE1EAEEC2D004B1994 /* EventsViewController.swift */,
				295DBE371EBFAC8000355ABE /* TabbedViewController.swift */,
				380426DE2028FE9D00F336B4 /* DonateViewController.swift */,
				38B7E4D220373DB4000B5CA0 /* SearchViewController.swift */,
				38B7E4D420373E0E000B5CA0 /* ProjectsViewController.swift */,
				3853185A2120D3A10022DF76 /* HomeViewController.swift */,
				385318602120D7EA0022DF76 /* ProjectDetailViewController.swift */,
				38A6BB1F2120E1B000F956FB /* AssociatesViewController.swift */,
				38A6BB242120E32600F956FB /* FansViewController.swift */,
				38A6BB262120E37F00F956FB /* ContributionsViewController.swift */,
				3813B90F212254720070FE2D /* AllEventsTabViewController.swift */,
			);
			name = ViewControllers;
			sourceTree = "<group>";
		};
		38A6BB122120DF7400F956FB /* Protocols */ = {
			isa = PBXGroup;
			children = (
				38A6BB132120DF8400F956FB /* CollapseProtocol.swift */,
			);
			name = Protocols;
			sourceTree = "<group>";
		};
		38A6BB212120E24E00F956FB /* TableViewCells */ = {
			isa = PBXGroup;
			children = (
				38D3198D2128B22E0039ACEB /* MenuItemCell.swift */,
				3813B911212255490070FE2D /* EventCell.swift */,
				3813B912212255490070FE2D /* EventCell.xib */,
				38A6BB292120E3EA00F956FB /* ContributionCell.swift */,
				38A6BB282120E3EA00F956FB /* ContributionCell.xib */,
				38A6BB222120E26400F956FB /* AssociateCell.swift */,
			);
			name = TableViewCells;
			sourceTree = "<group>";
		};
		38BCC056201B74C4004343B5 /* Networking */ = {
			isa = PBXGroup;
			children = (
				38BCC057201B74EF004343B5 /* SignYourselfAPIClient.swift */,
				380426E220308E6200F336B4 /* SignYourselfLoginAPI.swift */,
				380426E0202C90FB00F336B4 /* SignYourselfProfileAPI.swift */,
				38B7E4DA20389A01000B5CA0 /* SignYourselfEventAPI.swift */,
				38B7E4DC2038A13E000B5CA0 /* SignYourselfProjectAPI.swift */,
			);
			name = Networking;
			sourceTree = "<group>";
		};
		38E34BF31DEE866E00D1D37E = {
			isa = PBXGroup;
			children = (
				38E34BFE1DEE866E00D1D37E /* SignYourselfMobile */,
				38E34BFD1DEE866E00D1D37E /* Products */,
				CC77DDD1F9D64BC09B149491 /* Pods */,
				37BEF4E5867F2940A597ED41 /* Frameworks */,
			);
			sourceTree = "<group>";
		};
		38E34BFD1DEE866E00D1D37E /* Products */ = {
			isa = PBXGroup;
			children = (
				38E34BFC1DEE866E00D1D37E /* SignYourselfMobile.app */,
			);
			name = Products;
			sourceTree = "<group>";
		};
		38E34BFE1DEE866E00D1D37E /* SignYourselfMobile */ = {
			isa = PBXGroup;
			children = (
				3813B91521226F380070FE2D /* App */,
				38A6BB122120DF7400F956FB /* Protocols */,
				3853185C2120D6340022DF76 /* Views */,
				385318512120AAEC0022DF76 /* Resources */,
				3853184C21209FCD0022DF76 /* Utilities */,
				38A995EB209613190061A022 /* SignYourselfMobile.entitlements */,
				38652335203A48C400D0871C /* Managers */,
				380426CF201CED1100F336B4 /* Models */,
				38BCC056201B74C4004343B5 /* Networking */,
				385A6B2C1EB1998300004F33 /* Services */,
				382715751EAD151C004B1994 /* Storyboards */,
				382715721EAD08AE004B1994 /* Extensions */,
				389E68061EABFE3300B28BDA /* ViewControllers */,
				38E34C061DEE866E00D1D37E /* Assets.xcassets */,
				38E34C0B1DEE866E00D1D37E /* Info.plist */,
				38BCC054201914AB004343B5 /* GoogleService-Info.plist */,
				389E680E1EAC7E4800B28BDA /* SignYourselfMobile-Bridging-Header.h */,
			);
			path = SignYourselfMobile;
			sourceTree = "<group>";
		};
		CC77DDD1F9D64BC09B149491 /* Pods */ = {
			isa = PBXGroup;
			children = (
				1B9DDE1CDFD237AC0452BCED /* Pods-SignYourselfMobile.debug.xcconfig */,
				C1DD6CCF4D08B146ABDB62E7 /* Pods-SignYourselfMobile.release.xcconfig */,
			);
			name = Pods;
			sourceTree = "<group>";
		};
/* End PBXGroup section */

/* Begin PBXNativeTarget section */
		38E34BFB1DEE866E00D1D37E /* SignYourselfMobile */ = {
			isa = PBXNativeTarget;
			buildConfigurationList = 38E34C0E1DEE866E00D1D37E /* Build configuration list for PBXNativeTarget "SignYourselfMobile" */;
			buildPhases = (
				CA6C9FF524B3FAFC98423D6B /* [CP] Check Pods Manifest.lock */,
				38E34BF81DEE866E00D1D37E /* Sources */,
				38E34BF91DEE866E00D1D37E /* Frameworks */,
				38E34BFA1DEE866E00D1D37E /* Resources */,
				852FB8154E24CD47AAADE841 /* [CP] Embed Pods Frameworks */,
				36C7935905E1F6B7430C894F /* [CP] Copy Pods Resources */,
				389E680B1EAC6F6600B28BDA /* ShellScript */,
			);
			buildRules = (
			);
			dependencies = (
			);
			name = SignYourselfMobile;
			productName = SignYourselfMobile;
			productReference = 38E34BFC1DEE866E00D1D37E /* SignYourselfMobile.app */;
			productType = "com.apple.product-type.application";
		};
/* End PBXNativeTarget section */

/* Begin PBXProject section */
		38E34BF41DEE866E00D1D37E /* Project object */ = {
			isa = PBXProject;
			attributes = {
				LastSwiftUpdateCheck = 0800;
				LastUpgradeCheck = 0940;
				ORGANIZATIONNAME = SignYourself;
				TargetAttributes = {
					38E34BFB1DEE866E00D1D37E = {
						CreatedOnToolsVersion = 8.0;
						DevelopmentTeam = J724PJQ9EM;
						LastSwiftMigration = 0900;
						ProvisioningStyle = Manual;
						SystemCapabilities = {
							com.apple.ApplePay = {
								enabled = 0;
							};
							com.apple.InAppPurchase = {
								enabled = 0;
							};
							com.apple.Push = {
								enabled = 1;
							};
							com.apple.Wallet = {
								enabled = 0;
							};
						};
					};
				};
			};
			buildConfigurationList = 38E34BF71DEE866E00D1D37E /* Build configuration list for PBXProject "SignYourselfMobile" */;
			compatibilityVersion = "Xcode 3.2";
			developmentRegion = English;
			hasScannedForEncodings = 0;
			knownRegions = (
				en,
				Base,
			);
			mainGroup = 38E34BF31DEE866E00D1D37E;
			productRefGroup = 38E34BFD1DEE866E00D1D37E /* Products */;
			projectDirPath = "";
			projectRoot = "";
			targets = (
				38E34BFB1DEE866E00D1D37E /* SignYourselfMobile */,
			);
		};
/* End PBXProject section */

/* Begin PBXResourcesBuildPhase section */
		38E34BFA1DEE866E00D1D37E /* Resources */ = {
			isa = PBXResourcesBuildPhase;
			buildActionMask = 2147483647;
			files = (
				38A6BB2A2120E3EA00F956FB /* ContributionCell.xib in Resources */,
				38E34C0A1DEE866E00D1D37E /* LaunchScreen.storyboard in Resources */,
				3853184B21209F4B0022DF76 /* Main.storyboard in Resources */,
				38E34C071DEE866E00D1D37E /* Assets.xcassets in Resources */,
				385318552120CD380022DF76 /* Associates.storyboard in Resources */,
				38B7E4D920377C5F000B5CA0 /* Projects.storyboard in Resources */,
				389E68051EABFD0200B28BDA /* Profile.storyboard in Resources */,
				38426DC6212116E30003791B /* GlobalCell.xib in Resources */,
				385318592120D3820022DF76 /* Home.storyboard in Resources */,
				38A6BB1A2120E01200F956FB /* ProjectCell.xib in Resources */,
				38B7E4D720377C54000B5CA0 /* Search.storyboard in Resources */,
				385318572120CD590022DF76 /* Fans.storyboard in Resources */,
				385A6B321EB1BD7100004F33 /* activeViewControllers.json in Resources */,
				382715771EAD1535004B1994 /* Events.storyboard in Resources */,
				38BCC055201914AB004343B5 /* GoogleService-Info.plist in Resources */,
				38D319882128B1510039ACEB /* Menu.storyboard in Resources */,
				38426DCA212117B10003791B /* Media.storyboard in Resources */,
				38426DC22121166F0003791B /* MediaCell.xib in Resources */,
				3813B914212255490070FE2D /* EventCell.xib in Resources */,
				385318532120CD0B0022DF76 /* Contributions.storyboard in Resources */,
			);
			runOnlyForDeploymentPostprocessing = 0;
		};
/* End PBXResourcesBuildPhase section */

/* Begin PBXShellScriptBuildPhase section */
		36C7935905E1F6B7430C894F /* [CP] Copy Pods Resources */ = {
			isa = PBXShellScriptBuildPhase;
			buildActionMask = 2147483647;
			files = (
			);
			inputPaths = (
			);
			name = "[CP] Copy Pods Resources";
			outputPaths = (
			);
			runOnlyForDeploymentPostprocessing = 0;
			shellPath = /bin/sh;
			shellScript = "\"${SRCROOT}/Pods/Target Support Files/Pods-SignYourselfMobile/Pods-SignYourselfMobile-resources.sh\"\n";
			showEnvVarsInLog = 0;
		};
		389E680B1EAC6F6600B28BDA /* ShellScript */ = {
			isa = PBXShellScriptBuildPhase;
			buildActionMask = 2147483647;
			files = (
			);
			inputPaths = (
			);
			outputPaths = (
			);
			runOnlyForDeploymentPostprocessing = 0;
			shellPath = /bin/sh;
			shellScript = "\"${PODS_ROOT}/Fabric/run\" 99455eafe932c301c355dcd9bd47d3698e9e4702 bd364ad34ed6bff8c9a002ec1b99e861b0bde2824e105d9dca6d9c6de307a1ed";
		};
		852FB8154E24CD47AAADE841 /* [CP] Embed Pods Frameworks */ = {
			isa = PBXShellScriptBuildPhase;
			buildActionMask = 2147483647;
			files = (
			);
			inputPaths = (
			);
			name = "[CP] Embed Pods Frameworks";
			outputPaths = (
			);
			runOnlyForDeploymentPostprocessing = 0;
			shellPath = /bin/sh;
			shellScript = "\"${SRCROOT}/Pods/Target Support Files/Pods-SignYourselfMobile/Pods-SignYourselfMobile-frameworks.sh\"\n";
			showEnvVarsInLog = 0;
		};
		CA6C9FF524B3FAFC98423D6B /* [CP] Check Pods Manifest.lock */ = {
			isa = PBXShellScriptBuildPhase;
			buildActionMask = 2147483647;
			files = (
			);
			inputPaths = (
			);
			name = "[CP] Check Pods Manifest.lock";
			outputPaths = (
			);
			runOnlyForDeploymentPostprocessing = 0;
			shellPath = /bin/sh;
			shellScript = "diff \"${PODS_PODFILE_DIR_PATH}/Podfile.lock\" \"${PODS_ROOT}/Manifest.lock\" > /dev/null\nif [ $? != 0 ] ; then\n    # print error to STDERR\n    echo \"error: The sandbox is not in sync with the Podfile.lock. Run 'pod install' or update your CocoaPods installation.\" >&2\n    exit 1\nfi\n";
			showEnvVarsInLog = 0;
		};
/* End PBXShellScriptBuildPhase section */

/* Begin PBXSourcesBuildPhase section */
		38E34BF81DEE866E00D1D37E /* Sources */ = {
			isa = PBXSourcesBuildPhase;
			buildActionMask = 2147483647;
			files = (
				3813B954212273650070FE2D /* DateFormatter+Extension.swift in Sources */,
				3813B93D212273650070FE2D /* NSTextAlignment+Extension.swift in Sources */,
				380426ED203240D600F336B4 /* RegisterViewController.swift in Sources */,
				38A6BB2B2120E3EA00F956FB /* ContributionCell.swift in Sources */,
				3813B955212273650070FE2D /* CLLocation+Extension.swift in Sources */,
				3813B95D212275EA0070FE2D /* Hud.swift in Sources */,
				38426DC12121166F0003791B /* MediaCell.swift in Sources */,
				389E68121EAC7EDA00B28BDA /* Constants.swift in Sources */,
				38A6BB272120E37F00F956FB /* ContributionsViewController.swift in Sources */,
				38A6BB192120E01200F956FB /* ProjectCell.swift in Sources */,
				380426D3201D306000F336B4 /* Profile.swift in Sources */,
				3813B942212273650070FE2D /* String+Extension.swift in Sources */,
				38A6BB162120DFC000F956FB /* CollapsingUtil.swift in Sources */,
				380426DB201D334E00F336B4 /* Role.swift in Sources */,
				380426E5203093CB00F336B4 /* LoginViewController.swift in Sources */,
				389E68081EABFE5600B28BDA /* ProfileViewController.swift in Sources */,
				38B7E4D520373E0E000B5CA0 /* ProjectsViewController.swift in Sources */,
				38A6BB252120E32600F956FB /* FansViewController.swift in Sources */,
				389E680A1EABFE9D00B28BDA /* RootViewController.swift in Sources */,
				3813B919212272F80070FE2D /* Optional+Extension.swift in Sources */,
				3813B94D212273650070FE2D /* Date+Extension.swift in Sources */,
				38A995F9211FD69E0061A022 /* UIView+Extension.swift in Sources */,
				38426DCC212122150003791B /* UserManager.swift in Sources */,
				3813B961212278520070FE2D /* AlertMessage.swift in Sources */,
				3813B95C212275EA0070FE2D /* SignYourselfHud.swift in Sources */,
				38E34C001DEE866E00D1D37E /* AppDelegate.swift in Sources */,
				3813B913212255490070FE2D /* EventCell.swift in Sources */,
				38B7E4DB20389A01000B5CA0 /* SignYourselfEventAPI.swift in Sources */,
				3813B91721226F910070FE2D /* AppHelper.swift in Sources */,
				380426D1201CED2000F336B4 /* User.swift in Sources */,
				38D319922128B23F0039ACEB /* MenuViewController.swift in Sources */,
				3813B950212273650070FE2D /* UIImage+Extension.swift in Sources */,
				380426D7201D30B700F336B4 /* Event.swift in Sources */,
				3813B953212273650070FE2D /* UIToolbar+Extension.swift in Sources */,
				295DBE381EBFAC8000355ABE /* TabbedViewController.swift in Sources */,
				3813B957212273650070FE2D /* NumberFormatter+Extension.swift in Sources */,
				3813B956212273650070FE2D /* NSLineBreakMode+Extension.swift in Sources */,
				385A6B2E1EB199CD00004F33 /* ActiveControllerService.swift in Sources */,
				385318502120A1DD0022DF76 /* TextFieldEffects.swift in Sources */,
				3813B95F2122772B0070FE2D /* SpinnerView.swift in Sources */,
				38426DBE212116470003791B /* MediaTabViewController.swift in Sources */,
				3813B941212273650070FE2D /* CAAnimation+Extension.swift in Sources */,
				38A6BB202120E1B000F956FB /* AssociatesViewController.swift in Sources */,
				38C11E321EB9888500D788D0 /* ActiveViewController.swift in Sources */,
				380426E72030BE0700F336B4 /* LoginResponse.swift in Sources */,
				38A995F7211F780A0061A022 /* RadarManager.swift in Sources */,
				3813B948212273650070FE2D /* NSDateFormatter+Extension.swift in Sources */,
				3813B93F212273650070FE2D /* CGSize+Extension.swift in Sources */,
				3853185B2120D3A10022DF76 /* HomeViewController.swift in Sources */,
				38B7E4DD2038A13E000B5CA0 /* SignYourselfProjectAPI.swift in Sources */,
				38A6BB142120DF8400F956FB /* CollapseProtocol.swift in Sources */,
				382715BF1EAEEC2D004B1994 /* EventsViewController.swift in Sources */,
				3813B959212275A20070FE2D /* Utility.swift in Sources */,
				3813B93B212273650070FE2D /* Array+Extension.swift in Sources */,
				3813B94B212273650070FE2D /* URL+Extension.swift in Sources */,
				38A6BB1C2120E0DD00F956FB /* UIViewController+Extensions.swift in Sources */,
				3813B951212273650070FE2D /* TimeInterval+Extension.swift in Sources */,
				382715741EAD08CC004B1994 /* UIColor+SYS.swift in Sources */,
				38D3198E2128B22E0039ACEB /* MenuItemCell.swift in Sources */,
				385A6B301EB1AC8100004F33 /* NSDictionary+SYS.swift in Sources */,
				3813B94F212273650070FE2D /* UserDefaults+Extension.swift in Sources */,
				38426DC5212116E30003791B /* GlobalCell.swift in Sources */,
				380426EB20321BD900F336B4 /* UIImageView+SYS.swift in Sources */,
				3813B944212273650070FE2D /* Calendar+Extension.swift in Sources */,
				380426D9201D312500F336B4 /* Donation.swift in Sources */,
				3813B943212273650070FE2D /* ReliantFont.swift in Sources */,
				3813B940212273650070FE2D /* DateComponents+Extension.swift in Sources */,
				3813B93A212273650070FE2D /* Int+Extension.swift in Sources */,
				3813B94C212273650070FE2D /* RELString+Extension.swift in Sources */,
				3853184E2120A0260022DF76 /* HoshiTextField.swift in Sources */,
				385318612120D7EA0022DF76 /* ProjectDetailViewController.swift in Sources */,
				3813B945212273650070FE2D /* UIBarButtonItem+Extension.swift in Sources */,
				3813B93E212273650070FE2D /* Dictionary+Extension.swift in Sources */,
				380426E1202C90FB00F336B4 /* SignYourselfProfileAPI.swift in Sources */,
				38A6BB1E2120E12E00F956FB /* SetViewGroupModal.swift in Sources */,
				3813B94E212273650070FE2D /* Double+Extension.swift in Sources */,
				3813B910212254720070FE2D /* AllEventsTabViewController.swift in Sources */,
				3813B946212273650070FE2D /* CGPoint+Extension.swift in Sources */,
				38D3198C2128B2210039ACEB /* HamburgerLayer.swift in Sources */,
				38BCC058201B74EF004343B5 /* SignYourselfAPIClient.swift in Sources */,
				380426D5201D307D00F336B4 /* Project.swift in Sources */,
				380426EF2032428300F336B4 /* RegisterResponse.swift in Sources */,
				38D319912128B23F0039ACEB /* MenuItemViewController.swift in Sources */,
				38652337203A490900D0871C /* WePayManager.swift in Sources */,
				38A6BB232120E26400F956FB /* AssociateCell.swift in Sources */,
				380426E320308E6200F336B4 /* SignYourselfLoginAPI.swift in Sources */,
				380426DF2028FE9D00F336B4 /* DonateViewController.swift in Sources */,
				38B7E4D320373DB4000B5CA0 /* SearchViewController.swift in Sources */,
			);
			runOnlyForDeploymentPostprocessing = 0;
		};
/* End PBXSourcesBuildPhase section */

/* Begin PBXVariantGroup section */
		38E34C081DEE866E00D1D37E /* LaunchScreen.storyboard */ = {
			isa = PBXVariantGroup;
			children = (
				38E34C091DEE866E00D1D37E /* Base */,
			);
			name = LaunchScreen.storyboard;
			sourceTree = "<group>";
		};
/* End PBXVariantGroup section */

/* Begin XCBuildConfiguration section */
		38E34C0C1DEE866E00D1D37E /* Debug */ = {
			isa = XCBuildConfiguration;
			buildSettings = {
				ALWAYS_SEARCH_USER_PATHS = NO;
				CLANG_ANALYZER_NONNULL = YES;
				CLANG_CXX_LANGUAGE_STANDARD = "gnu++0x";
				CLANG_CXX_LIBRARY = "libc++";
				CLANG_ENABLE_MODULES = YES;
				CLANG_ENABLE_OBJC_ARC = YES;
				CLANG_WARN_BLOCK_CAPTURE_AUTORELEASING = YES;
				CLANG_WARN_BOOL_CONVERSION = YES;
				CLANG_WARN_COMMA = YES;
				CLANG_WARN_CONSTANT_CONVERSION = YES;
				CLANG_WARN_DEPRECATED_OBJC_IMPLEMENTATIONS = YES;
				CLANG_WARN_DIRECT_OBJC_ISA_USAGE = YES_ERROR;
				CLANG_WARN_DOCUMENTATION_COMMENTS = YES;
				CLANG_WARN_EMPTY_BODY = YES;
				CLANG_WARN_ENUM_CONVERSION = YES;
				CLANG_WARN_INFINITE_RECURSION = YES;
				CLANG_WARN_INT_CONVERSION = YES;
				CLANG_WARN_NON_LITERAL_NULL_CONVERSION = YES;
				CLANG_WARN_OBJC_IMPLICIT_RETAIN_SELF = YES;
				CLANG_WARN_OBJC_LITERAL_CONVERSION = YES;
				CLANG_WARN_OBJC_ROOT_CLASS = YES_ERROR;
				CLANG_WARN_RANGE_LOOP_ANALYSIS = YES;
				CLANG_WARN_STRICT_PROTOTYPES = YES;
				CLANG_WARN_SUSPICIOUS_MOVE = YES;
				CLANG_WARN_SUSPICIOUS_MOVES = YES;
				CLANG_WARN_UNREACHABLE_CODE = YES;
				CLANG_WARN__DUPLICATE_METHOD_MATCH = YES;
				"CODE_SIGN_IDENTITY[sdk=iphoneos*]" = "iPhone Developer";
				COPY_PHASE_STRIP = NO;
				DEBUG_INFORMATION_FORMAT = dwarf;
				ENABLE_STRICT_OBJC_MSGSEND = YES;
				ENABLE_TESTABILITY = YES;
				GCC_C_LANGUAGE_STANDARD = gnu99;
				GCC_DYNAMIC_NO_PIC = NO;
				GCC_NO_COMMON_BLOCKS = YES;
				GCC_OPTIMIZATION_LEVEL = 0;
				GCC_PREPROCESSOR_DEFINITIONS = (
					"DEBUG=1",
					"$(inherited)",
				);
				GCC_WARN_64_TO_32_BIT_CONVERSION = YES;
				GCC_WARN_ABOUT_RETURN_TYPE = YES_ERROR;
				GCC_WARN_UNDECLARED_SELECTOR = YES;
				GCC_WARN_UNINITIALIZED_AUTOS = YES_AGGRESSIVE;
				GCC_WARN_UNUSED_FUNCTION = YES;
				GCC_WARN_UNUSED_VARIABLE = YES;
				IPHONEOS_DEPLOYMENT_TARGET = 11.0;
				MTL_ENABLE_DEBUG_INFO = YES;
				ONLY_ACTIVE_ARCH = YES;
				SDKROOT = iphoneos;
				SWIFT_ACTIVE_COMPILATION_CONDITIONS = DEBUG;
				SWIFT_OPTIMIZATION_LEVEL = "-Onone";
				SWIFT_VERSION = 4.0;
				TARGETED_DEVICE_FAMILY = "1,2";
			};
			name = Debug;
		};
		38E34C0D1DEE866E00D1D37E /* Release */ = {
			isa = XCBuildConfiguration;
			buildSettings = {
				ALWAYS_SEARCH_USER_PATHS = NO;
				CLANG_ANALYZER_NONNULL = YES;
				CLANG_CXX_LANGUAGE_STANDARD = "gnu++0x";
				CLANG_CXX_LIBRARY = "libc++";
				CLANG_ENABLE_MODULES = YES;
				CLANG_ENABLE_OBJC_ARC = YES;
				CLANG_WARN_BLOCK_CAPTURE_AUTORELEASING = YES;
				CLANG_WARN_BOOL_CONVERSION = YES;
				CLANG_WARN_COMMA = YES;
				CLANG_WARN_CONSTANT_CONVERSION = YES;
				CLANG_WARN_DEPRECATED_OBJC_IMPLEMENTATIONS = YES;
				CLANG_WARN_DIRECT_OBJC_ISA_USAGE = YES_ERROR;
				CLANG_WARN_DOCUMENTATION_COMMENTS = YES;
				CLANG_WARN_EMPTY_BODY = YES;
				CLANG_WARN_ENUM_CONVERSION = YES;
				CLANG_WARN_INFINITE_RECURSION = YES;
				CLANG_WARN_INT_CONVERSION = YES;
				CLANG_WARN_NON_LITERAL_NULL_CONVERSION = YES;
				CLANG_WARN_OBJC_IMPLICIT_RETAIN_SELF = YES;
				CLANG_WARN_OBJC_LITERAL_CONVERSION = YES;
				CLANG_WARN_OBJC_ROOT_CLASS = YES_ERROR;
				CLANG_WARN_RANGE_LOOP_ANALYSIS = YES;
				CLANG_WARN_STRICT_PROTOTYPES = YES;
				CLANG_WARN_SUSPICIOUS_MOVE = YES;
				CLANG_WARN_SUSPICIOUS_MOVES = YES;
				CLANG_WARN_UNREACHABLE_CODE = YES;
				CLANG_WARN__DUPLICATE_METHOD_MATCH = YES;
				"CODE_SIGN_IDENTITY[sdk=iphoneos*]" = "iPhone Developer";
				COPY_PHASE_STRIP = NO;
				DEBUG_INFORMATION_FORMAT = "dwarf-with-dsym";
				ENABLE_NS_ASSERTIONS = NO;
				ENABLE_STRICT_OBJC_MSGSEND = YES;
				GCC_C_LANGUAGE_STANDARD = gnu99;
				GCC_NO_COMMON_BLOCKS = YES;
				GCC_WARN_64_TO_32_BIT_CONVERSION = YES;
				GCC_WARN_ABOUT_RETURN_TYPE = YES_ERROR;
				GCC_WARN_UNDECLARED_SELECTOR = YES;
				GCC_WARN_UNINITIALIZED_AUTOS = YES_AGGRESSIVE;
				GCC_WARN_UNUSED_FUNCTION = YES;
				GCC_WARN_UNUSED_VARIABLE = YES;
				IPHONEOS_DEPLOYMENT_TARGET = 11.0;
				MTL_ENABLE_DEBUG_INFO = NO;
				SDKROOT = iphoneos;
				SWIFT_OPTIMIZATION_LEVEL = "-Owholemodule";
				SWIFT_VERSION = 4.0;
				TARGETED_DEVICE_FAMILY = "1,2";
				VALIDATE_PRODUCT = YES;
			};
			name = Release;
		};
		38E34C0F1DEE866E00D1D37E /* Debug */ = {
			isa = XCBuildConfiguration;
			baseConfigurationReference = 1B9DDE1CDFD237AC0452BCED /* Pods-SignYourselfMobile.debug.xcconfig */;
			buildSettings = {
				ALWAYS_EMBED_SWIFT_STANDARD_LIBRARIES = "$(inherited)";
				ASSETCATALOG_COMPILER_APPICON_NAME = AppIcon;
				ASSETCATALOG_COMPILER_LAUNCHIMAGE_NAME = LaunchImage;
				CODE_SIGN_ENTITLEMENTS = SignYourselfMobile/SignYourselfMobile.entitlements;
				CODE_SIGN_IDENTITY = "iPhone Distribution";
				CODE_SIGN_STYLE = Manual;
				CURRENT_PROJECT_VERSION = 1;
				DEBUG_INFORMATION_FORMAT = "dwarf-with-dsym";
				DEFAULT_BUILD = QA;
				DEVELOPMENT_TEAM = J724PJQ9EM;
				ENABLE_BITCODE = NO;
				FRAMEWORK_SEARCH_PATHS = "$(inherited)";
				INFOPLIST_FILE = SignYourselfMobile/Info.plist;
				IPHONEOS_DEPLOYMENT_TARGET = 10.0;
				LD_RUNPATH_SEARCH_PATHS = "$(inherited) @executable_path/Frameworks";
				PRODUCT_BUNDLE_IDENTIFIER = com.signyourself.mobile;
				PRODUCT_NAME = "$(TARGET_NAME)";
				PROVISIONING_PROFILE = "d265013f-c4ba-452e-9098-8f8a6bc03f69";
				PROVISIONING_PROFILE_SPECIFIER = SignYourselfMobile_AdHoc;
				SWIFT_OBJC_BRIDGING_HEADER = "SignYourselfMobile/SignYourselfMobile-Bridging-Header.h";
				SWIFT_SWIFT3_OBJC_INFERENCE = Default;
				SWIFT_VERSION = 4.0;
				TARGETED_DEVICE_FAMILY = "1,2";
				VERSIONING_SYSTEM = "apple-generic";
			};
			name = Debug;
		};
		38E34C101DEE866E00D1D37E /* Release */ = {
			isa = XCBuildConfiguration;
			baseConfigurationReference = C1DD6CCF4D08B146ABDB62E7 /* Pods-SignYourselfMobile.release.xcconfig */;
			buildSettings = {
				ALWAYS_EMBED_SWIFT_STANDARD_LIBRARIES = "$(inherited)";
				ASSETCATALOG_COMPILER_APPICON_NAME = AppIcon;
				ASSETCATALOG_COMPILER_LAUNCHIMAGE_NAME = LaunchImage;
				CODE_SIGN_ENTITLEMENTS = SignYourselfMobile/SignYourselfMobile.entitlements;
				CODE_SIGN_IDENTITY = "iPhone Distribution";
				"CODE_SIGN_IDENTITY[sdk=iphoneos*]" = "iPhone Distribution";
				CODE_SIGN_STYLE = Manual;
				CURRENT_PROJECT_VERSION = 1;
				DEFAULT_BUILD = Prod;
				DEVELOPMENT_TEAM = J724PJQ9EM;
				ENABLE_BITCODE = NO;
				FRAMEWORK_SEARCH_PATHS = "$(inherited)";
				INFOPLIST_FILE = SignYourselfMobile/Info.plist;
				IPHONEOS_DEPLOYMENT_TARGET = 10.0;
				LD_RUNPATH_SEARCH_PATHS = "$(inherited) @executable_path/Frameworks";
				ONLY_ACTIVE_ARCH = NO;
				PRODUCT_BUNDLE_IDENTIFIER = com.signyourself.mobile;
				PRODUCT_NAME = "$(TARGET_NAME)";
				PROVISIONING_PROFILE = "f4ecafaf-f6a7-4bc8-86f5-d8c14f7727b8";
				PROVISIONING_PROFILE_SPECIFIER = SignYourselfMobile_AppStoreProvisioningProfile;
				SWIFT_OBJC_BRIDGING_HEADER = "SignYourselfMobile/SignYourselfMobile-Bridging-Header.h";
				SWIFT_SWIFT3_OBJC_INFERENCE = Default;
				SWIFT_VERSION = 4.0;
				TARGETED_DEVICE_FAMILY = "1,2";
				VERSIONING_SYSTEM = "apple-generic";
			};
			name = Release;
		};
/* End XCBuildConfiguration section */

/* Begin XCConfigurationList section */
		38E34BF71DEE866E00D1D37E /* Build configuration list for PBXProject "SignYourselfMobile" */ = {
			isa = XCConfigurationList;
			buildConfigurations = (
				38E34C0C1DEE866E00D1D37E /* Debug */,
				38E34C0D1DEE866E00D1D37E /* Release */,
			);
			defaultConfigurationIsVisible = 0;
			defaultConfigurationName = Release;
		};
		38E34C0E1DEE866E00D1D37E /* Build configuration list for PBXNativeTarget "SignYourselfMobile" */ = {
			isa = XCConfigurationList;
			buildConfigurations = (
				38E34C0F1DEE866E00D1D37E /* Debug */,
				38E34C101DEE866E00D1D37E /* Release */,
			);
			defaultConfigurationIsVisible = 0;
			defaultConfigurationName = Release;
		};
/* End XCConfigurationList section */
	};
	rootObject = 38E34BF41DEE866E00D1D37E /* Project object */;
}
